// !$*UTF8*$!
{
	archiveVersion = 1;
	classes = {
	};
	objectVersion = 56;
	objects = {

/* Begin PBXBuildFile section */
		00E2D52D2B86E73A00BE9ABF /* FurnitureAppApp.swift in Sources */ = {isa = PBXBuildFile; fileRef = 00E2D52C2B86E73A00BE9ABF /* FurnitureAppApp.swift */; };
		00E2D52F2B86E73A00BE9ABF /* WelcomeView.swift in Sources */ = {isa = PBXBuildFile; fileRef = 00E2D52E2B86E73A00BE9ABF /* WelcomeView.swift */; };
		00E2D5312B86E73B00BE9ABF /* Assets.xcassets in Resources */ = {isa = PBXBuildFile; fileRef = 00E2D5302B86E73B00BE9ABF /* Assets.xcassets */; };
		00E2D5342B86E73B00BE9ABF /* Preview Assets.xcassets in Resources */ = {isa = PBXBuildFile; fileRef = 00E2D5332B86E73B00BE9ABF /* Preview Assets.xcassets */; };
		00E2D53B2B86E8D700BE9ABF /* Splash.storyboard in Resources */ = {isa = PBXBuildFile; fileRef = 00E2D53A2B86E8D700BE9ABF /* Splash.storyboard */; };
		00E2D5492B86F6FF00BE9ABF /* Gelasio-Regular.ttf in Resources */ = {isa = PBXBuildFile; fileRef = 00E2D5412B86F6FE00BE9ABF /* Gelasio-Regular.ttf */; };
		00E2D54B2B86F6FF00BE9ABF /* Gelasio-SemiBold.ttf in Resources */ = {isa = PBXBuildFile; fileRef = 00E2D5432B86F6FE00BE9ABF /* Gelasio-SemiBold.ttf */; };
		00E2D54C2B86F6FF00BE9ABF /* Gelasio-Bold.ttf in Resources */ = {isa = PBXBuildFile; fileRef = 00E2D5442B86F6FE00BE9ABF /* Gelasio-Bold.ttf */; };
		00E2D54D2B86F6FF00BE9ABF /* Gelasio-Medium.ttf in Resources */ = {isa = PBXBuildFile; fileRef = 00E2D5452B86F6FE00BE9ABF /* Gelasio-Medium.ttf */; };
		00E2D5552B883B7800BE9ABF /* Color+extension.swift in Sources */ = {isa = PBXBuildFile; fileRef = 00E2D5542B883B7800BE9ABF /* Color+extension.swift */; };
		00E2D5572B8AC50800BE9ABF /* LogInView.swift in Sources */ = {isa = PBXBuildFile; fileRef = 00E2D5562B8AC50800BE9ABF /* LogInView.swift */; };
/* End PBXBuildFile section */

/* Begin PBXFileReference section */
		00E2D5292B86E73A00BE9ABF /* FurnitureApp.app */ = {isa = PBXFileReference; explicitFileType = wrapper.application; includeInIndex = 0; path = FurnitureApp.app; sourceTree = BUILT_PRODUCTS_DIR; };
		00E2D52C2B86E73A00BE9ABF /* FurnitureAppApp.swift */ = {isa = PBXFileReference; lastKnownFileType = sourcecode.swift; path = FurnitureAppApp.swift; sourceTree = "<group>"; };
		00E2D52E2B86E73A00BE9ABF /* WelcomeView.swift */ = {isa = PBXFileReference; lastKnownFileType = sourcecode.swift; path = WelcomeView.swift; sourceTree = "<group>"; };
		00E2D5302B86E73B00BE9ABF /* Assets.xcassets */ = {isa = PBXFileReference; lastKnownFileType = folder.assetcatalog; path = Assets.xcassets; sourceTree = "<group>"; };
		00E2D5332B86E73B00BE9ABF /* Preview Assets.xcassets */ = {isa = PBXFileReference; lastKnownFileType = folder.assetcatalog; path = "Preview Assets.xcassets"; sourceTree = "<group>"; };
		00E2D53A2B86E8D700BE9ABF /* Splash.storyboard */ = {isa = PBXFileReference; lastKnownFileType = file.storyboard; path = Splash.storyboard; sourceTree = "<group>"; };
		00E2D5412B86F6FE00BE9ABF /* Gelasio-Regular.ttf */ = {isa = PBXFileReference; lastKnownFileType = file; path = "Gelasio-Regular.ttf"; sourceTree = "<group>"; };
		00E2D5432B86F6FE00BE9ABF /* Gelasio-SemiBold.ttf */ = {isa = PBXFileReference; lastKnownFileType = file; path = "Gelasio-SemiBold.ttf"; sourceTree = "<group>"; };
		00E2D5442B86F6FE00BE9ABF /* Gelasio-Bold.ttf */ = {isa = PBXFileReference; lastKnownFileType = file; path = "Gelasio-Bold.ttf"; sourceTree = "<group>"; };
		00E2D5452B86F6FE00BE9ABF /* Gelasio-Medium.ttf */ = {isa = PBXFileReference; lastKnownFileType = file; path = "Gelasio-Medium.ttf"; sourceTree = "<group>"; };
		00E2D54F2B86F7AF00BE9ABF /* Info.plist */ = {isa = PBXFileReference; lastKnownFileType = text.plist; path = Info.plist; sourceTree = "<group>"; };
		00E2D5542B883B7800BE9ABF /* Color+extension.swift */ = {isa = PBXFileReference; lastKnownFileType = sourcecode.swift; path = "Color+extension.swift"; sourceTree = "<group>"; };
		00E2D5562B8AC50800BE9ABF /* LogInView.swift */ = {isa = PBXFileReference; lastKnownFileType = sourcecode.swift; path = LogInView.swift; sourceTree = "<group>"; };
/* End PBXFileReference section */

/* Begin PBXFrameworksBuildPhase section */
		00E2D5262B86E73A00BE9ABF /* Frameworks */ = {
			isa = PBXFrameworksBuildPhase;
			buildActionMask = 2147483647;
			files = (
			);
			runOnlyForDeploymentPostprocessing = 0;
		};
/* End PBXFrameworksBuildPhase section */

/* Begin PBXGroup section */
		00E2D5202B86E73A00BE9ABF = {
			isa = PBXGroup;
			children = (
				00E2D52B2B86E73A00BE9ABF /* FurnitureApp */,
				00E2D52A2B86E73A00BE9ABF /* Products */,
			);
			sourceTree = "<group>";
		};
		00E2D52A2B86E73A00BE9ABF /* Products */ = {
			isa = PBXGroup;
			children = (
				00E2D5292B86E73A00BE9ABF /* FurnitureApp.app */,
			);
			name = Products;
			sourceTree = "<group>";
		};
		00E2D52B2B86E73A00BE9ABF /* FurnitureApp */ = {
			isa = PBXGroup;
			children = (
				00E2D5532B883B5C00BE9ABF /* Extensions */,
				00E2D54F2B86F7AF00BE9ABF /* Info.plist */,
				00E2D53C2B86EA3E00BE9ABF /* Authentication */,
				00E2D52C2B86E73A00BE9ABF /* FurnitureAppApp.swift */,
				00E2D5302B86E73B00BE9ABF /* Assets.xcassets */,
				00E2D5322B86E73B00BE9ABF /* Preview Content */,
				00E2D53A2B86E8D700BE9ABF /* Splash.storyboard */,
				00E2D53E2B86F6E300BE9ABF /* Fonts */,
			);
			path = FurnitureApp;
			sourceTree = "<group>";
		};
		00E2D5322B86E73B00BE9ABF /* Preview Content */ = {
			isa = PBXGroup;
			children = (
				00E2D5332B86E73B00BE9ABF /* Preview Assets.xcassets */,
			);
			path = "Preview Content";
			sourceTree = "<group>";
		};
		00E2D53C2B86EA3E00BE9ABF /* Authentication */ = {
			isa = PBXGroup;
			children = (
				00E2D5502B882B3300BE9ABF /* LogInScreen */,
				00E2D53D2B86EA5000BE9ABF /* WelcomeScreen */,
			);
			path = Authentication;
			sourceTree = "<group>";
		};
		00E2D53D2B86EA5000BE9ABF /* WelcomeScreen */ = {
			isa = PBXGroup;
			children = (
				00E2D52E2B86E73A00BE9ABF /* WelcomeView.swift */,
			);
			path = WelcomeScreen;
			sourceTree = "<group>";
		};
		00E2D53E2B86F6E300BE9ABF /* Fonts */ = {
			isa = PBXGroup;
			children = (
				00E2D5442B86F6FE00BE9ABF /* Gelasio-Bold.ttf */,
				00E2D5452B86F6FE00BE9ABF /* Gelasio-Medium.ttf */,
				00E2D5412B86F6FE00BE9ABF /* Gelasio-Regular.ttf */,
				00E2D5432B86F6FE00BE9ABF /* Gelasio-SemiBold.ttf */,
			);
			path = Fonts;
			sourceTree = "<group>";
		};
		00E2D5502B882B3300BE9ABF /* LogInScreen */ = {
			isa = PBXGroup;
			children = (
				00E2D5562B8AC50800BE9ABF /* LogInView.swift */,
			);
			path = LogInScreen;
			sourceTree = "<group>";
		};
		00E2D5532B883B5C00BE9ABF /* Extensions */ = {
			isa = PBXGroup;
			children = (
				00E2D5542B883B7800BE9ABF /* Color+extension.swift */,
			);
			path = Extensions;
			sourceTree = "<group>";
		};
/* End PBXGroup section */

/* Begin PBXNativeTarget section */
		00E2D5282B86E73A00BE9ABF /* FurnitureApp */ = {
			isa = PBXNativeTarget;
			buildConfigurationList = 00E2D5372B86E73B00BE9ABF /* Build configuration list for PBXNativeTarget "FurnitureApp" */;
			buildPhases = (
				00E2D5252B86E73A00BE9ABF /* Sources */,
				00E2D5262B86E73A00BE9ABF /* Frameworks */,
				00E2D5272B86E73A00BE9ABF /* Resources */,
			);
			buildRules = (
			);
			dependencies = (
			);
			name = FurnitureApp;
			productName = FurnitureApp;
			productReference = 00E2D5292B86E73A00BE9ABF /* FurnitureApp.app */;
			productType = "com.apple.product-type.application";
		};
/* End PBXNativeTarget section */

/* Begin PBXProject section */
		00E2D5212B86E73A00BE9ABF /* Project object */ = {
			isa = PBXProject;
			attributes = {
				BuildIndependentTargetsInParallel = 1;
				LastSwiftUpdateCheck = 1520;
				LastUpgradeCheck = 1520;
				TargetAttributes = {
					00E2D5282B86E73A00BE9ABF = {
						CreatedOnToolsVersion = 15.2;
					};
				};
			};
			buildConfigurationList = 00E2D5242B86E73A00BE9ABF /* Build configuration list for PBXProject "FurnitureApp" */;
			compatibilityVersion = "Xcode 14.0";
			developmentRegion = en;
			hasScannedForEncodings = 0;
			knownRegions = (
				en,
				Base,
			);
			mainGroup = 00E2D5202B86E73A00BE9ABF;
			productRefGroup = 00E2D52A2B86E73A00BE9ABF /* Products */;
			projectDirPath = "";
			projectRoot = "";
			targets = (
				00E2D5282B86E73A00BE9ABF /* FurnitureApp */,
			);
		};
/* End PBXProject section */

/* Begin PBXResourcesBuildPhase section */
		00E2D5272B86E73A00BE9ABF /* Resources */ = {
			isa = PBXResourcesBuildPhase;
			buildActionMask = 2147483647;
			files = (
				00E2D54B2B86F6FF00BE9ABF /* Gelasio-SemiBold.ttf in Resources */,
				00E2D5492B86F6FF00BE9ABF /* Gelasio-Regular.ttf in Resources */,
				00E2D54D2B86F6FF00BE9ABF /* Gelasio-Medium.ttf in Resources */,
				00E2D5342B86E73B00BE9ABF /* Preview Assets.xcassets in Resources */,
				00E2D54C2B86F6FF00BE9ABF /* Gelasio-Bold.ttf in Resources */,
				00E2D5312B86E73B00BE9ABF /* Assets.xcassets in Resources */,
				00E2D53B2B86E8D700BE9ABF /* Splash.storyboard in Resources */,
			);
			runOnlyForDeploymentPostprocessing = 0;
		};
/* End PBXResourcesBuildPhase section */

/* Begin PBXSourcesBuildPhase section */
		00E2D5252B86E73A00BE9ABF /* Sources */ = {
			isa = PBXSourcesBuildPhase;
			buildActionMask = 2147483647;
			files = (
				00E2D52F2B86E73A00BE9ABF /* WelcomeView.swift in Sources */,
				00E2D5572B8AC50800BE9ABF /* LogInView.swift in Sources */,
				00E2D52D2B86E73A00BE9ABF /* FurnitureAppApp.swift in Sources */,
				00E2D5552B883B7800BE9ABF /* Color+extension.swift in Sources */,
			);
			runOnlyForDeploymentPostprocessing = 0;
		};
/* End PBXSourcesBuildPhase section */

/* Begin XCBuildConfiguration section */
		00E2D5352B86E73B00BE9ABF /* Debug */ = {
			isa = XCBuildConfiguration;
			buildSettings = {
				ALWAYS_SEARCH_USER_PATHS = NO;
				ASSETCATALOG_COMPILER_GENERATE_SWIFT_ASSET_SYMBOL_EXTENSIONS = YES;
				CLANG_ANALYZER_NONNULL = YES;
				CLANG_ANALYZER_NUMBER_OBJECT_CONVERSION = YES_AGGRESSIVE;
				CLANG_CXX_LANGUAGE_STANDARD = "gnu++20";
				CLANG_ENABLE_MODULES = YES;
				CLANG_ENABLE_OBJC_ARC = YES;
				CLANG_ENABLE_OBJC_WEAK = YES;
				CLANG_WARN_BLOCK_CAPTURE_AUTORELEASING = YES;
				CLANG_WARN_BOOL_CONVERSION = YES;
				CLANG_WARN_COMMA = YES;
				CLANG_WARN_CONSTANT_CONVERSION = YES;
				CLANG_WARN_DEPRECATED_OBJC_IMPLEMENTATIONS = YES;
				CLANG_WARN_DIRECT_OBJC_ISA_USAGE = YES_ERROR;
				CLANG_WARN_DOCUMENTATION_COMMENTS = YES;
				CLANG_WARN_EMPTY_BODY = YES;
				CLANG_WARN_ENUM_CONVERSION = YES;
				CLANG_WARN_INFINITE_RECURSION = YES;
				CLANG_WARN_INT_CONVERSION = YES;
				CLANG_WARN_NON_LITERAL_NULL_CONVERSION = YES;
				CLANG_WARN_OBJC_IMPLICIT_RETAIN_SELF = YES;
				CLANG_WARN_OBJC_LITERAL_CONVERSION = YES;
				CLANG_WARN_OBJC_ROOT_CLASS = YES_ERROR;
				CLANG_WARN_QUOTED_INCLUDE_IN_FRAMEWORK_HEADER = YES;
				CLANG_WARN_RANGE_LOOP_ANALYSIS = YES;
				CLANG_WARN_STRICT_PROTOTYPES = YES;
				CLANG_WARN_SUSPICIOUS_MOVE = YES;
				CLANG_WARN_UNGUARDED_AVAILABILITY = YES_AGGRESSIVE;
				CLANG_WARN_UNREACHABLE_CODE = YES;
				CLANG_WARN__DUPLICATE_METHOD_MATCH = YES;
				COPY_PHASE_STRIP = NO;
				DEBUG_INFORMATION_FORMAT = dwarf;
				ENABLE_STRICT_OBJC_MSGSEND = YES;
				ENABLE_TESTABILITY = YES;
				ENABLE_USER_SCRIPT_SANDBOXING = YES;
				GCC_C_LANGUAGE_STANDARD = gnu17;
				GCC_DYNAMIC_NO_PIC = NO;
				GCC_NO_COMMON_BLOCKS = YES;
				GCC_OPTIMIZATION_LEVEL = 0;
				GCC_PREPROCESSOR_DEFINITIONS = (
					"DEBUG=1",
					"$(inherited)",
				);
				GCC_WARN_64_TO_32_BIT_CONVERSION = YES;
				GCC_WARN_ABOUT_RETURN_TYPE = YES_ERROR;
				GCC_WARN_UNDECLARED_SELECTOR = YES;
				GCC_WARN_UNINITIALIZED_AUTOS = YES_AGGRESSIVE;
				GCC_WARN_UNUSED_FUNCTION = YES;
				GCC_WARN_UNUSED_VARIABLE = YES;
				IPHONEOS_DEPLOYMENT_TARGET = 17.2;
				LOCALIZATION_PREFERS_STRING_CATALOGS = YES;
				MTL_ENABLE_DEBUG_INFO = INCLUDE_SOURCE;
				MTL_FAST_MATH = YES;
				ONLY_ACTIVE_ARCH = YES;
				SDKROOT = iphoneos;
				SWIFT_ACTIVE_COMPILATION_CONDITIONS = "DEBUG $(inherited)";
				SWIFT_OPTIMIZATION_LEVEL = "-Onone";
			};
			name = Debug;
		};
		00E2D5362B86E73B00BE9ABF /* Release */ = {
			isa = XCBuildConfiguration;
			buildSettings = {
				ALWAYS_SEARCH_USER_PATHS = NO;
				ASSETCATALOG_COMPILER_GENERATE_SWIFT_ASSET_SYMBOL_EXTENSIONS = YES;
				CLANG_ANALYZER_NONNULL = YES;
				CLANG_ANALYZER_NUMBER_OBJECT_CONVERSION = YES_AGGRESSIVE;
				CLANG_CXX_LANGUAGE_STANDARD = "gnu++20";
				CLANG_ENABLE_MODULES = YES;
				CLANG_ENABLE_OBJC_ARC = YES;
				CLANG_ENABLE_OBJC_WEAK = YES;
				CLANG_WARN_BLOCK_CAPTURE_AUTORELEASING = YES;
				CLANG_WARN_BOOL_CONVERSION = YES;
				CLANG_WARN_COMMA = YES;
				CLANG_WARN_CONSTANT_CONVERSION = YES;
				CLANG_WARN_DEPRECATED_OBJC_IMPLEMENTATIONS = YES;
				CLANG_WARN_DIRECT_OBJC_ISA_USAGE = YES_ERROR;
				CLANG_WARN_DOCUMENTATION_COMMENTS = YES;
				CLANG_WARN_EMPTY_BODY = YES;
				CLANG_WARN_ENUM_CONVERSION = YES;
				CLANG_WARN_INFINITE_RECURSION = YES;
				CLANG_WARN_INT_CONVERSION = YES;
				CLANG_WARN_NON_LITERAL_NULL_CONVERSION = YES;
				CLANG_WARN_OBJC_IMPLICIT_RETAIN_SELF = YES;
				CLANG_WARN_OBJC_LITERAL_CONVERSION = YES;
				CLANG_WARN_OBJC_ROOT_CLASS = YES_ERROR;
				CLANG_WARN_QUOTED_INCLUDE_IN_FRAMEWORK_HEADER = YES;
				CLANG_WARN_RANGE_LOOP_ANALYSIS = YES;
				CLANG_WARN_STRICT_PROTOTYPES = YES;
				CLANG_WARN_SUSPICIOUS_MOVE = YES;
				CLANG_WARN_UNGUARDED_AVAILABILITY = YES_AGGRESSIVE;
				CLANG_WARN_UNREACHABLE_CODE = YES;
				CLANG_WARN__DUPLICATE_METHOD_MATCH = YES;
				COPY_PHASE_STRIP = NO;
				DEBUG_INFORMATION_FORMAT = "dwarf-with-dsym";
				ENABLE_NS_ASSERTIONS = NO;
				ENABLE_STRICT_OBJC_MSGSEND = YES;
				ENABLE_USER_SCRIPT_SANDBOXING = YES;
				GCC_C_LANGUAGE_STANDARD = gnu17;
				GCC_NO_COMMON_BLOCKS = YES;
				GCC_WARN_64_TO_32_BIT_CONVERSION = YES;
				GCC_WARN_ABOUT_RETURN_TYPE = YES_ERROR;
				GCC_WARN_UNDECLARED_SELECTOR = YES;
				GCC_WARN_UNINITIALIZED_AUTOS = YES_AGGRESSIVE;
				GCC_WARN_UNUSED_FUNCTION = YES;
				GCC_WARN_UNUSED_VARIABLE = YES;
				IPHONEOS_DEPLOYMENT_TARGET = 17.2;
				LOCALIZATION_PREFERS_STRING_CATALOGS = YES;
				MTL_ENABLE_DEBUG_INFO = NO;
				MTL_FAST_MATH = YES;
				SDKROOT = iphoneos;
				SWIFT_COMPILATION_MODE = wholemodule;
				VALIDATE_PRODUCT = YES;
			};
			name = Release;
		};
		00E2D5382B86E73B00BE9ABF /* Debug */ = {
			isa = XCBuildConfiguration;
			buildSettings = {
				ASSETCATALOG_COMPILER_APPICON_NAME = AppIcon;
				ASSETCATALOG_COMPILER_GLOBAL_ACCENT_COLOR_NAME = AccentColor;
				CODE_SIGN_STYLE = Automatic;
				CURRENT_PROJECT_VERSION = 1;
				DEVELOPMENT_ASSET_PATHS = "\"FurnitureApp/Preview Content\"";
				ENABLE_PREVIEWS = YES;
				GENERATE_INFOPLIST_FILE = YES;
				INFOPLIST_FILE = FurnitureApp/Info.plist;
				INFOPLIST_KEY_UIApplicationSceneManifest_Generation = YES;
				INFOPLIST_KEY_UIApplicationSupportsIndirectInputEvents = YES;
				INFOPLIST_KEY_UILaunchScreen_Generation = YES;
				INFOPLIST_KEY_UILaunchStoryboardName = Splash.storyboard;
				INFOPLIST_KEY_UISupportedInterfaceOrientations = UIInterfaceOrientationPortrait;
				INFOPLIST_KEY_UISupportedInterfaceOrientations_iPad = "UIInterfaceOrientationLandscapeLeft UIInterfaceOrientationLandscapeRight UIInterfaceOrientationPortrait UIInterfaceOrientationPortraitUpsideDown";
				IPHONEOS_DEPLOYMENT_TARGET = 17.0;
				LD_RUNPATH_SEARCH_PATHS = (
					"$(inherited)",
					"@executable_path/Frameworks",
				);
				MARKETING_VERSION = 1.0;
				PRODUCT_BUNDLE_IDENTIFIER = com.moataz.FurnitureApp;
				PRODUCT_NAME = "$(TARGET_NAME)";
				SUPPORTED_PLATFORMS = "iphoneos iphonesimulator";
				SUPPORTS_MACCATALYST = NO;
				SUPPORTS_MAC_DESIGNED_FOR_IPHONE_IPAD = NO;
				SUPPORTS_XR_DESIGNED_FOR_IPHONE_IPAD = NO;
				SWIFT_EMIT_LOC_STRINGS = YES;
				SWIFT_VERSION = 5.0;
				TARGETED_DEVICE_FAMILY = 1;
			};
			name = Debug;
		};
		00E2D5392B86E73B00BE9ABF /* Release */ = {
			isa = XCBuildConfiguration;
			buildSettings = {
				ASSETCATALOG_COMPILER_APPICON_NAME = AppIcon;
				ASSETCATALOG_COMPILER_GLOBAL_ACCENT_COLOR_NAME = AccentColor;
				CODE_SIGN_STYLE = Automatic;
				CURRENT_PROJECT_VERSION = 1;
				DEVELOPMENT_ASSET_PATHS = "\"FurnitureApp/Preview Content\"";
				ENABLE_PREVIEWS = YES;
				GENERATE_INFOPLIST_FILE = YES;
				INFOPLIST_FILE = FurnitureApp/Info.plist;
				INFOPLIST_KEY_UIApplicationSceneManifest_Generation = YES;
				INFOPLIST_KEY_UIApplicationSupportsIndirectInputEvents = YES;
				INFOPLIST_KEY_UILaunchScreen_Generation = YES;
				INFOPLIST_KEY_UILaunchStoryboardName = Splash.storyboard;
				INFOPLIST_KEY_UISupportedInterfaceOrientations = UIInterfaceOrientationPortrait;
				INFOPLIST_KEY_UISupportedInterfaceOrientations_iPad = "UIInterfaceOrientationLandscapeLeft UIInterfaceOrientationLandscapeRight UIInterfaceOrientationPortrait UIInterfaceOrientationPortraitUpsideDown";
				IPHONEOS_DEPLOYMENT_TARGET = 17.0;
				LD_RUNPATH_SEARCH_PATHS = (
					"$(inherited)",
					"@executable_path/Frameworks",
				);
				MARKETING_VERSION = 1.0;
				PRODUCT_BUNDLE_IDENTIFIER = com.moataz.FurnitureApp;
				PRODUCT_NAME = "$(TARGET_NAME)";
				SUPPORTED_PLATFORMS = "iphoneos iphonesimulator";
				SUPPORTS_MACCATALYST = NO;
				SUPPORTS_MAC_DESIGNED_FOR_IPHONE_IPAD = NO;
				SUPPORTS_XR_DESIGNED_FOR_IPHONE_IPAD = NO;
				SWIFT_EMIT_LOC_STRINGS = YES;
				SWIFT_VERSION = 5.0;
				TARGETED_DEVICE_FAMILY = 1;
			};
			name = Release;
		};
/* End XCBuildConfiguration section */

/* Begin XCConfigurationList section */
		00E2D5242B86E73A00BE9ABF /* Build configuration list for PBXProject "FurnitureApp" */ = {
			isa = XCConfigurationList;
			buildConfigurations = (
				00E2D5352B86E73B00BE9ABF /* Debug */,
				00E2D5362B86E73B00BE9ABF /* Release */,
			);
			defaultConfigurationIsVisible = 0;
			defaultConfigurationName = Release;
		};
		00E2D5372B86E73B00BE9ABF /* Build configuration list for PBXNativeTarget "FurnitureApp" */ = {
			isa = XCConfigurationList;
			buildConfigurations = (
				00E2D5382B86E73B00BE9ABF /* Debug */,
				00E2D5392B86E73B00BE9ABF /* Release */,
			);
			defaultConfigurationIsVisible = 0;
			defaultConfigurationName = Release;
		};
/* End XCConfigurationList section */
	};
	rootObject = 00E2D5212B86E73A00BE9ABF /* Project object */;
}
