// !$*UTF8*$!
{
	archiveVersion = 1;
	classes = {
	};
	objectVersion = 56;
	objects = {

/* Begin PBXBuildFile section */
		000B69522BB231420060A8DA /* NavigationStateManager.swift in Sources */ = {isa = PBXBuildFile; fileRef = 000B69512BB231420060A8DA /* NavigationStateManager.swift */; };
		0023F8632C0D9C67005B2394 /* GoogleService-Info.plist in Resources */ = {isa = PBXBuildFile; fileRef = 0023F8622C0D9C67005B2394 /* GoogleService-Info.plist */; };
		0043A43B2BA244F200928971 /* ReviewModel.swift in Sources */ = {isa = PBXBuildFile; fileRef = 0043A43A2BA244F200928971 /* ReviewModel.swift */; };
		0043A43D2BA2452100928971 /* ApiReviews.swift in Sources */ = {isa = PBXBuildFile; fileRef = 0043A43C2BA2452100928971 /* ApiReviews.swift */; };
		0043A43F2BA246BA00928971 /* ReviewsViewModel.swift in Sources */ = {isa = PBXBuildFile; fileRef = 0043A43E2BA246BA00928971 /* ReviewsViewModel.swift */; };
		0043A4422BA2474500928971 /* ReviewView.swift in Sources */ = {isa = PBXBuildFile; fileRef = 0043A4412BA2474500928971 /* ReviewView.swift */; };
		0043A4492BAA3C1700928971 /* CartViewModel.swift in Sources */ = {isa = PBXBuildFile; fileRef = 0043A4482BAA3C1700928971 /* CartViewModel.swift */; };
		0043A44B2BAA497F00928971 /* CartManager.swift in Sources */ = {isa = PBXBuildFile; fileRef = 0043A44A2BAA497F00928971 /* CartManager.swift */; };
		0043A44F2BAB9E0400928971 /* ShippingAddressView.swift in Sources */ = {isa = PBXBuildFile; fileRef = 0043A44E2BAB9E0400928971 /* ShippingAddressView.swift */; };
		0043A4512BABA34800928971 /* ShippingAddressViewModel.swift in Sources */ = {isa = PBXBuildFile; fileRef = 0043A4502BABA34800928971 /* ShippingAddressViewModel.swift */; };
		0043A4532BABA3B300928971 /* AddressModel.swift in Sources */ = {isa = PBXBuildFile; fileRef = 0043A4522BABA3B300928971 /* AddressModel.swift */; };
		0043A4562BAD245300928971 /* CheckOutView.swift in Sources */ = {isa = PBXBuildFile; fileRef = 0043A4552BAD245300928971 /* CheckOutView.swift */; };
		0043A4582BAD324D00928971 /* AddressesManager.swift in Sources */ = {isa = PBXBuildFile; fileRef = 0043A4572BAD324D00928971 /* AddressesManager.swift */; };
		005A26532BA139E300C659B2 /* FirebaseAnalytics in Frameworks */ = {isa = PBXBuildFile; productRef = 005A26522BA139E300C659B2 /* FirebaseAnalytics */; };
		005A26552BA139E300C659B2 /* FirebaseAnalyticsOnDeviceConversion in Frameworks */ = {isa = PBXBuildFile; productRef = 005A26542BA139E300C659B2 /* FirebaseAnalyticsOnDeviceConversion */; };
		005A26572BA139E300C659B2 /* FirebaseAnalyticsSwift in Frameworks */ = {isa = PBXBuildFile; productRef = 005A26562BA139E300C659B2 /* FirebaseAnalyticsSwift */; };
		005A26592BA139E300C659B2 /* FirebaseAnalyticsWithoutAdIdSupport in Frameworks */ = {isa = PBXBuildFile; productRef = 005A26582BA139E300C659B2 /* FirebaseAnalyticsWithoutAdIdSupport */; };
		005A265B2BA139E300C659B2 /* FirebaseAppCheck in Frameworks */ = {isa = PBXBuildFile; productRef = 005A265A2BA139E300C659B2 /* FirebaseAppCheck */; };
		0063C1932B92FBF10099A2A5 /* TabBarView.swift in Sources */ = {isa = PBXBuildFile; fileRef = 0063C1922B92FBF00099A2A5 /* TabBarView.swift */; };
		0063C1962B92FCFD0099A2A5 /* FavoriteView.swift in Sources */ = {isa = PBXBuildFile; fileRef = 0063C1952B92FCFD0099A2A5 /* FavoriteView.swift */; };
		0063C1992B9306240099A2A5 /* CartView.swift in Sources */ = {isa = PBXBuildFile; fileRef = 0063C1982B9306240099A2A5 /* CartView.swift */; };
		0063C19C2B93063F0099A2A5 /* ProfileView.swift in Sources */ = {isa = PBXBuildFile; fileRef = 0063C19B2B93063F0099A2A5 /* ProfileView.swift */; };
		0063C1A22B95B5AC0099A2A5 /* KeyWordSearchModel.swift in Sources */ = {isa = PBXBuildFile; fileRef = 0063C1A12B95B5AC0099A2A5 /* KeyWordSearchModel.swift */; };
		0063C1A42B95B61F0099A2A5 /* ApiCall.swift in Sources */ = {isa = PBXBuildFile; fileRef = 0063C1A32B95B61F0099A2A5 /* ApiCall.swift */; };
		0063C1A62B95F77A0099A2A5 /* HomeViewModel.swift in Sources */ = {isa = PBXBuildFile; fileRef = 0063C1A52B95F77A0099A2A5 /* HomeViewModel.swift */; };
		006472532B9086690064C5D9 /* AuthManager.swift in Sources */ = {isa = PBXBuildFile; fileRef = 006472522B9086690064C5D9 /* AuthManager.swift */; };
		006472562B9086D80064C5D9 /* HomeView.swift in Sources */ = {isa = PBXBuildFile; fileRef = 006472552B9086D80064C5D9 /* HomeView.swift */; };
		006670B92B8DBA21009E78BE /* SignUpView.swift in Sources */ = {isa = PBXBuildFile; fileRef = 006670B82B8DBA21009E78BE /* SignUpView.swift */; };
		006670BE2B8DDBF3009E78BE /* FirebaseAnalytics in Frameworks */ = {isa = PBXBuildFile; productRef = 006670BD2B8DDBF3009E78BE /* FirebaseAnalytics */; };
		006670C02B8DDBF3009E78BE /* FirebaseAnalyticsOnDeviceConversion in Frameworks */ = {isa = PBXBuildFile; productRef = 006670BF2B8DDBF3009E78BE /* FirebaseAnalyticsOnDeviceConversion */; };
		006670C22B8DDBF3009E78BE /* FirebaseAnalyticsSwift in Frameworks */ = {isa = PBXBuildFile; productRef = 006670C12B8DDBF3009E78BE /* FirebaseAnalyticsSwift */; };
		006670C42B8DDBF3009E78BE /* FirebaseAnalyticsWithoutAdIdSupport in Frameworks */ = {isa = PBXBuildFile; productRef = 006670C32B8DDBF3009E78BE /* FirebaseAnalyticsWithoutAdIdSupport */; };
		006670C62B8DDBF3009E78BE /* FirebaseAppCheck in Frameworks */ = {isa = PBXBuildFile; productRef = 006670C52B8DDBF3009E78BE /* FirebaseAppCheck */; };
		006670C82B8DDBF3009E78BE /* FirebaseAppDistribution-Beta in Frameworks */ = {isa = PBXBuildFile; productRef = 006670C72B8DDBF3009E78BE /* FirebaseAppDistribution-Beta */; };
		006670CA2B8DDBF3009E78BE /* FirebaseAuth in Frameworks */ = {isa = PBXBuildFile; productRef = 006670C92B8DDBF3009E78BE /* FirebaseAuth */; };
		006670CC2B8DDBF3009E78BE /* FirebaseAuthCombine-Community in Frameworks */ = {isa = PBXBuildFile; productRef = 006670CB2B8DDBF3009E78BE /* FirebaseAuthCombine-Community */; };
		006670CE2B8DDBF3009E78BE /* FirebaseCrashlytics in Frameworks */ = {isa = PBXBuildFile; productRef = 006670CD2B8DDBF3009E78BE /* FirebaseCrashlytics */; };
		006670D02B8DDBF3009E78BE /* FirebaseDatabase in Frameworks */ = {isa = PBXBuildFile; productRef = 006670CF2B8DDBF3009E78BE /* FirebaseDatabase */; };
		006670D22B8DDBF3009E78BE /* FirebaseDatabaseSwift in Frameworks */ = {isa = PBXBuildFile; productRef = 006670D12B8DDBF3009E78BE /* FirebaseDatabaseSwift */; };
		006670D42B8DDBF3009E78BE /* FirebaseDynamicLinks in Frameworks */ = {isa = PBXBuildFile; productRef = 006670D32B8DDBF3009E78BE /* FirebaseDynamicLinks */; };
		006670D62B8DDBF3009E78BE /* FirebaseFirestore in Frameworks */ = {isa = PBXBuildFile; productRef = 006670D52B8DDBF3009E78BE /* FirebaseFirestore */; };
		006670D82B8DDBF3009E78BE /* FirebaseFirestoreCombine-Community in Frameworks */ = {isa = PBXBuildFile; productRef = 006670D72B8DDBF3009E78BE /* FirebaseFirestoreCombine-Community */; };
		006670DA2B8DDBF3009E78BE /* FirebaseFirestoreSwift in Frameworks */ = {isa = PBXBuildFile; productRef = 006670D92B8DDBF3009E78BE /* FirebaseFirestoreSwift */; };
		006670DC2B8DDBF3009E78BE /* FirebaseFunctions in Frameworks */ = {isa = PBXBuildFile; productRef = 006670DB2B8DDBF3009E78BE /* FirebaseFunctions */; };
		006670DE2B8DDBF3009E78BE /* FirebaseFunctionsCombine-Community in Frameworks */ = {isa = PBXBuildFile; productRef = 006670DD2B8DDBF3009E78BE /* FirebaseFunctionsCombine-Community */; };
		006670E02B8DDBF3009E78BE /* FirebaseInAppMessaging-Beta in Frameworks */ = {isa = PBXBuildFile; productRef = 006670DF2B8DDBF3009E78BE /* FirebaseInAppMessaging-Beta */; };
		006670E22B8DDBF3009E78BE /* FirebaseInAppMessagingSwift-Beta in Frameworks */ = {isa = PBXBuildFile; productRef = 006670E12B8DDBF3009E78BE /* FirebaseInAppMessagingSwift-Beta */; };
		006670E42B8DDBF3009E78BE /* FirebaseInstallations in Frameworks */ = {isa = PBXBuildFile; productRef = 006670E32B8DDBF3009E78BE /* FirebaseInstallations */; };
		006670E62B8DDBF3009E78BE /* FirebaseMLModelDownloader in Frameworks */ = {isa = PBXBuildFile; productRef = 006670E52B8DDBF3009E78BE /* FirebaseMLModelDownloader */; };
		006670E82B8DDBF3009E78BE /* FirebaseMessaging in Frameworks */ = {isa = PBXBuildFile; productRef = 006670E72B8DDBF3009E78BE /* FirebaseMessaging */; };
		006670EA2B8DDBF3009E78BE /* FirebasePerformance in Frameworks */ = {isa = PBXBuildFile; productRef = 006670E92B8DDBF3009E78BE /* FirebasePerformance */; };
		006670EC2B8DDBF3009E78BE /* FirebaseRemoteConfig in Frameworks */ = {isa = PBXBuildFile; productRef = 006670EB2B8DDBF3009E78BE /* FirebaseRemoteConfig */; };
		006670EE2B8DDBF3009E78BE /* FirebaseRemoteConfigSwift in Frameworks */ = {isa = PBXBuildFile; productRef = 006670ED2B8DDBF3009E78BE /* FirebaseRemoteConfigSwift */; };
		006670F02B8DDBF3009E78BE /* FirebaseStorage in Frameworks */ = {isa = PBXBuildFile; productRef = 006670EF2B8DDBF3009E78BE /* FirebaseStorage */; };
		006670F22B8DDBF3009E78BE /* FirebaseStorageCombine-Community in Frameworks */ = {isa = PBXBuildFile; productRef = 006670F12B8DDBF3009E78BE /* FirebaseStorageCombine-Community */; };
		006670F52B8EC778009E78BE /* Validation.swift in Sources */ = {isa = PBXBuildFile; fileRef = 006670F42B8EC778009E78BE /* Validation.swift */; };
		006670F72B8ED3B7009E78BE /* UIApplication+Extension.swift in Sources */ = {isa = PBXBuildFile; fileRef = 006670F62B8ED3B7009E78BE /* UIApplication+Extension.swift */; };
		008D67EB2BAE361300DFDE1F /* OrderSuccessView.swift in Sources */ = {isa = PBXBuildFile; fileRef = 008D67EA2BAE361300DFDE1F /* OrderSuccessView.swift */; };
		00A009BA2B92F91A0063351D /* FirebaseAnalytics in Frameworks */ = {isa = PBXBuildFile; productRef = 00A009B92B92F91A0063351D /* FirebaseAnalytics */; };
		00A009BC2B92F91A0063351D /* FirebaseAnalyticsOnDeviceConversion in Frameworks */ = {isa = PBXBuildFile; productRef = 00A009BB2B92F91A0063351D /* FirebaseAnalyticsOnDeviceConversion */; };
		00A009BE2B92F91A0063351D /* FirebaseAnalyticsSwift in Frameworks */ = {isa = PBXBuildFile; productRef = 00A009BD2B92F91A0063351D /* FirebaseAnalyticsSwift */; };
		00A009C02B92F91A0063351D /* FirebaseAnalyticsWithoutAdIdSupport in Frameworks */ = {isa = PBXBuildFile; productRef = 00A009BF2B92F91A0063351D /* FirebaseAnalyticsWithoutAdIdSupport */; };
		00A009C22B92F91A0063351D /* FirebaseAppCheck in Frameworks */ = {isa = PBXBuildFile; productRef = 00A009C12B92F91A0063351D /* FirebaseAppCheck */; };
		00A009C42B92F91A0063351D /* FirebaseAppDistribution-Beta in Frameworks */ = {isa = PBXBuildFile; productRef = 00A009C32B92F91A0063351D /* FirebaseAppDistribution-Beta */; };
		00A009C62B92F91A0063351D /* FirebaseAuth in Frameworks */ = {isa = PBXBuildFile; productRef = 00A009C52B92F91A0063351D /* FirebaseAuth */; };
		00A009C82B92F91A0063351D /* FirebaseAuthCombine-Community in Frameworks */ = {isa = PBXBuildFile; productRef = 00A009C72B92F91A0063351D /* FirebaseAuthCombine-Community */; };
		00A009CA2B92F91A0063351D /* FirebaseCrashlytics in Frameworks */ = {isa = PBXBuildFile; productRef = 00A009C92B92F91A0063351D /* FirebaseCrashlytics */; };
		00A009CC2B92F91A0063351D /* FirebaseDatabase in Frameworks */ = {isa = PBXBuildFile; productRef = 00A009CB2B92F91A0063351D /* FirebaseDatabase */; };
		00A009CE2B92F91A0063351D /* FirebaseDatabaseSwift in Frameworks */ = {isa = PBXBuildFile; productRef = 00A009CD2B92F91A0063351D /* FirebaseDatabaseSwift */; };
		00A009D02B92F91A0063351D /* FirebaseDynamicLinks in Frameworks */ = {isa = PBXBuildFile; productRef = 00A009CF2B92F91A0063351D /* FirebaseDynamicLinks */; };
		00A009D22B92F91A0063351D /* FirebaseFirestore in Frameworks */ = {isa = PBXBuildFile; productRef = 00A009D12B92F91A0063351D /* FirebaseFirestore */; };
		00A009D42B92F91A0063351D /* FirebaseFirestoreCombine-Community in Frameworks */ = {isa = PBXBuildFile; productRef = 00A009D32B92F91A0063351D /* FirebaseFirestoreCombine-Community */; };
		00A009D62B92F91A0063351D /* FirebaseFirestoreSwift in Frameworks */ = {isa = PBXBuildFile; productRef = 00A009D52B92F91A0063351D /* FirebaseFirestoreSwift */; };
		00A009D82B92F91A0063351D /* FirebaseFunctions in Frameworks */ = {isa = PBXBuildFile; productRef = 00A009D72B92F91A0063351D /* FirebaseFunctions */; };
		00A009DA2B92F91A0063351D /* FirebaseFunctionsCombine-Community in Frameworks */ = {isa = PBXBuildFile; productRef = 00A009D92B92F91A0063351D /* FirebaseFunctionsCombine-Community */; };
		00A009DC2B92F91A0063351D /* FirebaseInAppMessaging-Beta in Frameworks */ = {isa = PBXBuildFile; productRef = 00A009DB2B92F91A0063351D /* FirebaseInAppMessaging-Beta */; };
		00A009DE2B92F91A0063351D /* FirebaseInAppMessagingSwift-Beta in Frameworks */ = {isa = PBXBuildFile; productRef = 00A009DD2B92F91A0063351D /* FirebaseInAppMessagingSwift-Beta */; };
		00A009E02B92F91A0063351D /* FirebaseInstallations in Frameworks */ = {isa = PBXBuildFile; productRef = 00A009DF2B92F91A0063351D /* FirebaseInstallations */; };
		00A009E22B92F91A0063351D /* FirebaseMLModelDownloader in Frameworks */ = {isa = PBXBuildFile; productRef = 00A009E12B92F91A0063351D /* FirebaseMLModelDownloader */; };
		00A009E42B92F91A0063351D /* FirebaseMessaging in Frameworks */ = {isa = PBXBuildFile; productRef = 00A009E32B92F91A0063351D /* FirebaseMessaging */; };
		00A009E62B92F91A0063351D /* FirebasePerformance in Frameworks */ = {isa = PBXBuildFile; productRef = 00A009E52B92F91A0063351D /* FirebasePerformance */; };
		00A009E82B92F91A0063351D /* FirebaseRemoteConfig in Frameworks */ = {isa = PBXBuildFile; productRef = 00A009E72B92F91A0063351D /* FirebaseRemoteConfig */; };
		00A009EA2B92F91A0063351D /* FirebaseRemoteConfigSwift in Frameworks */ = {isa = PBXBuildFile; productRef = 00A009E92B92F91A0063351D /* FirebaseRemoteConfigSwift */; };
		00A009EC2B92F91A0063351D /* FirebaseStorage in Frameworks */ = {isa = PBXBuildFile; productRef = 00A009EB2B92F91A0063351D /* FirebaseStorage */; };
		00A009EE2B92F91A0063351D /* FirebaseStorageCombine-Community in Frameworks */ = {isa = PBXBuildFile; productRef = 00A009ED2B92F91A0063351D /* FirebaseStorageCombine-Community */; };
		00B312BA2B99F06100BC2943 /* ProductDetailView.swift in Sources */ = {isa = PBXBuildFile; fileRef = 00B312B92B99F06100BC2943 /* ProductDetailView.swift */; };
		00B312BC2B99F07600BC2943 /* ProductDetailModel.swift in Sources */ = {isa = PBXBuildFile; fileRef = 00B312BB2B99F07600BC2943 /* ProductDetailModel.swift */; };
		00B312BE2B99F2F100BC2943 /* ApiDetails.swift in Sources */ = {isa = PBXBuildFile; fileRef = 00B312BD2B99F2F100BC2943 /* ApiDetails.swift */; };
		00B78D3D2B9746D700EB82BC /* ImageLoadingViewModel.swift in Sources */ = {isa = PBXBuildFile; fileRef = 00B78D3C2B9746D700EB82BC /* ImageLoadingViewModel.swift */; };
		00B78D402B977C3B00EB82BC /* NukeUI in Frameworks */ = {isa = PBXBuildFile; productRef = 00B78D3F2B977C3B00EB82BC /* NukeUI */; };
		00BAD9112B9CCD8100374349 /* ProductDetailViewModel.swift in Sources */ = {isa = PBXBuildFile; fileRef = 00BAD9102B9CCD8100374349 /* ProductDetailViewModel.swift */; };
		00E2D52D2B86E73A00BE9ABF /* FurnitureAppApp.swift in Sources */ = {isa = PBXBuildFile; fileRef = 00E2D52C2B86E73A00BE9ABF /* FurnitureAppApp.swift */; };
		00E2D52F2B86E73A00BE9ABF /* WelcomeView.swift in Sources */ = {isa = PBXBuildFile; fileRef = 00E2D52E2B86E73A00BE9ABF /* WelcomeView.swift */; };
		00E2D5312B86E73B00BE9ABF /* Assets.xcassets in Resources */ = {isa = PBXBuildFile; fileRef = 00E2D5302B86E73B00BE9ABF /* Assets.xcassets */; };
		00E2D5342B86E73B00BE9ABF /* Preview Assets.xcassets in Resources */ = {isa = PBXBuildFile; fileRef = 00E2D5332B86E73B00BE9ABF /* Preview Assets.xcassets */; };
		00E2D53B2B86E8D700BE9ABF /* Splash.storyboard in Resources */ = {isa = PBXBuildFile; fileRef = 00E2D53A2B86E8D700BE9ABF /* Splash.storyboard */; };
		00E2D5492B86F6FF00BE9ABF /* Gelasio-Regular.ttf in Resources */ = {isa = PBXBuildFile; fileRef = 00E2D5412B86F6FE00BE9ABF /* Gelasio-Regular.ttf */; };
		00E2D54B2B86F6FF00BE9ABF /* Gelasio-SemiBold.ttf in Resources */ = {isa = PBXBuildFile; fileRef = 00E2D5432B86F6FE00BE9ABF /* Gelasio-SemiBold.ttf */; };
		00E2D54C2B86F6FF00BE9ABF /* Gelasio-Bold.ttf in Resources */ = {isa = PBXBuildFile; fileRef = 00E2D5442B86F6FE00BE9ABF /* Gelasio-Bold.ttf */; };
		00E2D54D2B86F6FF00BE9ABF /* Gelasio-Medium.ttf in Resources */ = {isa = PBXBuildFile; fileRef = 00E2D5452B86F6FE00BE9ABF /* Gelasio-Medium.ttf */; };
		00E2D5552B883B7800BE9ABF /* Color+extension.swift in Sources */ = {isa = PBXBuildFile; fileRef = 00E2D5542B883B7800BE9ABF /* Color+extension.swift */; };
		00E2D5572B8AC50800BE9ABF /* LogInView.swift in Sources */ = {isa = PBXBuildFile; fileRef = 00E2D5562B8AC50800BE9ABF /* LogInView.swift */; };
/* End PBXBuildFile section */

/* Begin PBXFileReference section */
		000B69512BB231420060A8DA /* NavigationStateManager.swift */ = {isa = PBXFileReference; lastKnownFileType = sourcecode.swift; path = NavigationStateManager.swift; sourceTree = "<group>"; };
		0023F8622C0D9C67005B2394 /* GoogleService-Info.plist */ = {isa = PBXFileReference; fileEncoding = 4; lastKnownFileType = text.plist.xml; path = "GoogleService-Info.plist"; sourceTree = "<group>"; };
		0043A43A2BA244F200928971 /* ReviewModel.swift */ = {isa = PBXFileReference; lastKnownFileType = sourcecode.swift; path = ReviewModel.swift; sourceTree = "<group>"; };
		0043A43C2BA2452100928971 /* ApiReviews.swift */ = {isa = PBXFileReference; lastKnownFileType = sourcecode.swift; path = ApiReviews.swift; sourceTree = "<group>"; };
		0043A43E2BA246BA00928971 /* ReviewsViewModel.swift */ = {isa = PBXFileReference; lastKnownFileType = sourcecode.swift; path = ReviewsViewModel.swift; sourceTree = "<group>"; };
		0043A4412BA2474500928971 /* ReviewView.swift */ = {isa = PBXFileReference; lastKnownFileType = sourcecode.swift; path = ReviewView.swift; sourceTree = "<group>"; };
		0043A4482BAA3C1700928971 /* CartViewModel.swift */ = {isa = PBXFileReference; lastKnownFileType = sourcecode.swift; path = CartViewModel.swift; sourceTree = "<group>"; };
		0043A44A2BAA497F00928971 /* CartManager.swift */ = {isa = PBXFileReference; lastKnownFileType = sourcecode.swift; path = CartManager.swift; sourceTree = "<group>"; };
		0043A44E2BAB9E0400928971 /* ShippingAddressView.swift */ = {isa = PBXFileReference; lastKnownFileType = sourcecode.swift; path = ShippingAddressView.swift; sourceTree = "<group>"; };
		0043A4502BABA34800928971 /* ShippingAddressViewModel.swift */ = {isa = PBXFileReference; lastKnownFileType = sourcecode.swift; path = ShippingAddressViewModel.swift; sourceTree = "<group>"; };
		0043A4522BABA3B300928971 /* AddressModel.swift */ = {isa = PBXFileReference; lastKnownFileType = sourcecode.swift; path = AddressModel.swift; sourceTree = "<group>"; };
		0043A4552BAD245300928971 /* CheckOutView.swift */ = {isa = PBXFileReference; lastKnownFileType = sourcecode.swift; path = CheckOutView.swift; sourceTree = "<group>"; };
		0043A4572BAD324D00928971 /* AddressesManager.swift */ = {isa = PBXFileReference; lastKnownFileType = sourcecode.swift; path = AddressesManager.swift; sourceTree = "<group>"; };
		0063C1922B92FBF00099A2A5 /* TabBarView.swift */ = {isa = PBXFileReference; lastKnownFileType = sourcecode.swift; path = TabBarView.swift; sourceTree = "<group>"; };
		0063C1952B92FCFD0099A2A5 /* FavoriteView.swift */ = {isa = PBXFileReference; lastKnownFileType = sourcecode.swift; path = FavoriteView.swift; sourceTree = "<group>"; };
		0063C1982B9306240099A2A5 /* CartView.swift */ = {isa = PBXFileReference; lastKnownFileType = sourcecode.swift; path = CartView.swift; sourceTree = "<group>"; };
		0063C19B2B93063F0099A2A5 /* ProfileView.swift */ = {isa = PBXFileReference; lastKnownFileType = sourcecode.swift; path = ProfileView.swift; sourceTree = "<group>"; };
		0063C1A12B95B5AC0099A2A5 /* KeyWordSearchModel.swift */ = {isa = PBXFileReference; lastKnownFileType = sourcecode.swift; path = KeyWordSearchModel.swift; sourceTree = "<group>"; };
		0063C1A32B95B61F0099A2A5 /* ApiCall.swift */ = {isa = PBXFileReference; lastKnownFileType = sourcecode.swift; path = ApiCall.swift; sourceTree = "<group>"; };
		0063C1A52B95F77A0099A2A5 /* HomeViewModel.swift */ = {isa = PBXFileReference; lastKnownFileType = sourcecode.swift; path = HomeViewModel.swift; sourceTree = "<group>"; };
		006472522B9086690064C5D9 /* AuthManager.swift */ = {isa = PBXFileReference; lastKnownFileType = sourcecode.swift; path = AuthManager.swift; sourceTree = "<group>"; };
		006472552B9086D80064C5D9 /* HomeView.swift */ = {isa = PBXFileReference; lastKnownFileType = sourcecode.swift; path = HomeView.swift; sourceTree = "<group>"; };
		006670B82B8DBA21009E78BE /* SignUpView.swift */ = {isa = PBXFileReference; lastKnownFileType = sourcecode.swift; path = SignUpView.swift; sourceTree = "<group>"; };
		006670F42B8EC778009E78BE /* Validation.swift */ = {isa = PBXFileReference; lastKnownFileType = sourcecode.swift; path = Validation.swift; sourceTree = "<group>"; };
		006670F62B8ED3B7009E78BE /* UIApplication+Extension.swift */ = {isa = PBXFileReference; lastKnownFileType = sourcecode.swift; path = "UIApplication+Extension.swift"; sourceTree = "<group>"; };
		008D67EA2BAE361300DFDE1F /* OrderSuccessView.swift */ = {isa = PBXFileReference; lastKnownFileType = sourcecode.swift; path = OrderSuccessView.swift; sourceTree = "<group>"; };
		00B312B92B99F06100BC2943 /* ProductDetailView.swift */ = {isa = PBXFileReference; lastKnownFileType = sourcecode.swift; path = ProductDetailView.swift; sourceTree = "<group>"; };
		00B312BB2B99F07600BC2943 /* ProductDetailModel.swift */ = {isa = PBXFileReference; lastKnownFileType = sourcecode.swift; path = ProductDetailModel.swift; sourceTree = "<group>"; };
		00B312BD2B99F2F100BC2943 /* ApiDetails.swift */ = {isa = PBXFileReference; lastKnownFileType = sourcecode.swift; path = ApiDetails.swift; sourceTree = "<group>"; };
		00B78D3C2B9746D700EB82BC /* ImageLoadingViewModel.swift */ = {isa = PBXFileReference; lastKnownFileType = sourcecode.swift; path = ImageLoadingViewModel.swift; sourceTree = "<group>"; };
		00BAD9102B9CCD8100374349 /* ProductDetailViewModel.swift */ = {isa = PBXFileReference; lastKnownFileType = sourcecode.swift; path = ProductDetailViewModel.swift; sourceTree = "<group>"; };
		00E2D5292B86E73A00BE9ABF /* FurnitureApp.app */ = {isa = PBXFileReference; explicitFileType = wrapper.application; includeInIndex = 0; path = FurnitureApp.app; sourceTree = BUILT_PRODUCTS_DIR; };
		00E2D52C2B86E73A00BE9ABF /* FurnitureAppApp.swift */ = {isa = PBXFileReference; lastKnownFileType = sourcecode.swift; path = FurnitureAppApp.swift; sourceTree = "<group>"; };
		00E2D52E2B86E73A00BE9ABF /* WelcomeView.swift */ = {isa = PBXFileReference; lastKnownFileType = sourcecode.swift; path = WelcomeView.swift; sourceTree = "<group>"; };
		00E2D5302B86E73B00BE9ABF /* Assets.xcassets */ = {isa = PBXFileReference; lastKnownFileType = folder.assetcatalog; path = Assets.xcassets; sourceTree = "<group>"; };
		00E2D5332B86E73B00BE9ABF /* Preview Assets.xcassets */ = {isa = PBXFileReference; lastKnownFileType = folder.assetcatalog; path = "Preview Assets.xcassets"; sourceTree = "<group>"; };
		00E2D53A2B86E8D700BE9ABF /* Splash.storyboard */ = {isa = PBXFileReference; lastKnownFileType = file.storyboard; path = Splash.storyboard; sourceTree = "<group>"; };
		00E2D5412B86F6FE00BE9ABF /* Gelasio-Regular.ttf */ = {isa = PBXFileReference; lastKnownFileType = file; path = "Gelasio-Regular.ttf"; sourceTree = "<group>"; };
		00E2D5432B86F6FE00BE9ABF /* Gelasio-SemiBold.ttf */ = {isa = PBXFileReference; lastKnownFileType = file; path = "Gelasio-SemiBold.ttf"; sourceTree = "<group>"; };
		00E2D5442B86F6FE00BE9ABF /* Gelasio-Bold.ttf */ = {isa = PBXFileReference; lastKnownFileType = file; path = "Gelasio-Bold.ttf"; sourceTree = "<group>"; };
		00E2D5452B86F6FE00BE9ABF /* Gelasio-Medium.ttf */ = {isa = PBXFileReference; lastKnownFileType = file; path = "Gelasio-Medium.ttf"; sourceTree = "<group>"; };
		00E2D54F2B86F7AF00BE9ABF /* Info.plist */ = {isa = PBXFileReference; lastKnownFileType = text.plist; path = Info.plist; sourceTree = "<group>"; };
		00E2D5542B883B7800BE9ABF /* Color+extension.swift */ = {isa = PBXFileReference; lastKnownFileType = sourcecode.swift; path = "Color+extension.swift"; sourceTree = "<group>"; };
		00E2D5562B8AC50800BE9ABF /* LogInView.swift */ = {isa = PBXFileReference; lastKnownFileType = sourcecode.swift; path = LogInView.swift; sourceTree = "<group>"; };
/* End PBXFileReference section */

/* Begin PBXFrameworksBuildPhase section */
		00E2D5262B86E73A00BE9ABF /* Frameworks */ = {
			isa = PBXFrameworksBuildPhase;
			buildActionMask = 2147483647;
			files = (
				005A26572BA139E300C659B2 /* FirebaseAnalyticsSwift in Frameworks */,
				006670D02B8DDBF3009E78BE /* FirebaseDatabase in Frameworks */,
				006670DE2B8DDBF3009E78BE /* FirebaseFunctionsCombine-Community in Frameworks */,
				006670D62B8DDBF3009E78BE /* FirebaseFirestore in Frameworks */,
				00A009E22B92F91A0063351D /* FirebaseMLModelDownloader in Frameworks */,
				006670C22B8DDBF3009E78BE /* FirebaseAnalyticsSwift in Frameworks */,
				00A009DE2B92F91A0063351D /* FirebaseInAppMessagingSwift-Beta in Frameworks */,
				005A26592BA139E300C659B2 /* FirebaseAnalyticsWithoutAdIdSupport in Frameworks */,
				006670BE2B8DDBF3009E78BE /* FirebaseAnalytics in Frameworks */,
				006670C02B8DDBF3009E78BE /* FirebaseAnalyticsOnDeviceConversion in Frameworks */,
				006670E62B8DDBF3009E78BE /* FirebaseMLModelDownloader in Frameworks */,
				006670DA2B8DDBF3009E78BE /* FirebaseFirestoreSwift in Frameworks */,
				006670C62B8DDBF3009E78BE /* FirebaseAppCheck in Frameworks */,
				006670C42B8DDBF3009E78BE /* FirebaseAnalyticsWithoutAdIdSupport in Frameworks */,
				00A009E02B92F91A0063351D /* FirebaseInstallations in Frameworks */,
				005A26552BA139E300C659B2 /* FirebaseAnalyticsOnDeviceConversion in Frameworks */,
				006670CA2B8DDBF3009E78BE /* FirebaseAuth in Frameworks */,
				006670CE2B8DDBF3009E78BE /* FirebaseCrashlytics in Frameworks */,
				00B78D402B977C3B00EB82BC /* NukeUI in Frameworks */,
				006670EE2B8DDBF3009E78BE /* FirebaseRemoteConfigSwift in Frameworks */,
				00A009EE2B92F91A0063351D /* FirebaseStorageCombine-Community in Frameworks */,
				00A009D22B92F91A0063351D /* FirebaseFirestore in Frameworks */,
				00A009BC2B92F91A0063351D /* FirebaseAnalyticsOnDeviceConversion in Frameworks */,
				006670E02B8DDBF3009E78BE /* FirebaseInAppMessaging-Beta in Frameworks */,
				00A009BA2B92F91A0063351D /* FirebaseAnalytics in Frameworks */,
				00A009D62B92F91A0063351D /* FirebaseFirestoreSwift in Frameworks */,
				00A009E82B92F91A0063351D /* FirebaseRemoteConfig in Frameworks */,
				00A009C22B92F91A0063351D /* FirebaseAppCheck in Frameworks */,
				005A265B2BA139E300C659B2 /* FirebaseAppCheck in Frameworks */,
				00A009C02B92F91A0063351D /* FirebaseAnalyticsWithoutAdIdSupport in Frameworks */,
				00A009EC2B92F91A0063351D /* FirebaseStorage in Frameworks */,
				006670D22B8DDBF3009E78BE /* FirebaseDatabaseSwift in Frameworks */,
				00A009EA2B92F91A0063351D /* FirebaseRemoteConfigSwift in Frameworks */,
				00A009C82B92F91A0063351D /* FirebaseAuthCombine-Community in Frameworks */,
				00A009C62B92F91A0063351D /* FirebaseAuth in Frameworks */,
				006670DC2B8DDBF3009E78BE /* FirebaseFunctions in Frameworks */,
				00A009C42B92F91A0063351D /* FirebaseAppDistribution-Beta in Frameworks */,
				006670F22B8DDBF3009E78BE /* FirebaseStorageCombine-Community in Frameworks */,
				006670EC2B8DDBF3009E78BE /* FirebaseRemoteConfig in Frameworks */,
				006670C82B8DDBF3009E78BE /* FirebaseAppDistribution-Beta in Frameworks */,
				006670CC2B8DDBF3009E78BE /* FirebaseAuthCombine-Community in Frameworks */,
				00A009DC2B92F91A0063351D /* FirebaseInAppMessaging-Beta in Frameworks */,
				006670EA2B8DDBF3009E78BE /* FirebasePerformance in Frameworks */,
				006670E22B8DDBF3009E78BE /* FirebaseInAppMessagingSwift-Beta in Frameworks */,
				00A009DA2B92F91A0063351D /* FirebaseFunctionsCombine-Community in Frameworks */,
				00A009CC2B92F91A0063351D /* FirebaseDatabase in Frameworks */,
				005A26532BA139E300C659B2 /* FirebaseAnalytics in Frameworks */,
				00A009E42B92F91A0063351D /* FirebaseMessaging in Frameworks */,
				00A009BE2B92F91A0063351D /* FirebaseAnalyticsSwift in Frameworks */,
				00A009D82B92F91A0063351D /* FirebaseFunctions in Frameworks */,
				006670F02B8DDBF3009E78BE /* FirebaseStorage in Frameworks */,
				00A009CE2B92F91A0063351D /* FirebaseDatabaseSwift in Frameworks */,
				00A009E62B92F91A0063351D /* FirebasePerformance in Frameworks */,
				006670D42B8DDBF3009E78BE /* FirebaseDynamicLinks in Frameworks */,
				006670D82B8DDBF3009E78BE /* FirebaseFirestoreCombine-Community in Frameworks */,
				00A009CA2B92F91A0063351D /* FirebaseCrashlytics in Frameworks */,
				006670E82B8DDBF3009E78BE /* FirebaseMessaging in Frameworks */,
				006670E42B8DDBF3009E78BE /* FirebaseInstallations in Frameworks */,
				00A009D42B92F91A0063351D /* FirebaseFirestoreCombine-Community in Frameworks */,
				00A009D02B92F91A0063351D /* FirebaseDynamicLinks in Frameworks */,
			);
			runOnlyForDeploymentPostprocessing = 0;
		};
/* End PBXFrameworksBuildPhase section */

/* Begin PBXGroup section */
		0043A4402BA2473700928971 /* ReviewsScreen */ = {
			isa = PBXGroup;
			children = (
				0043A4412BA2474500928971 /* ReviewView.swift */,
			);
			path = ReviewsScreen;
			sourceTree = "<group>";
		};
		0043A44C2BAB9DC600928971 /* ProfileScreens */ = {
			isa = PBXGroup;
			children = (
				0043A44D2BAB9DD800928971 /* ShippingAddressScreen */,
			);
			path = ProfileScreens;
			sourceTree = "<group>";
		};
		0043A44D2BAB9DD800928971 /* ShippingAddressScreen */ = {
			isa = PBXGroup;
			children = (
				0043A44E2BAB9E0400928971 /* ShippingAddressView.swift */,
			);
			path = ShippingAddressScreen;
			sourceTree = "<group>";
		};
		0043A4542BAD229300928971 /* CheckOutScreen */ = {
			isa = PBXGroup;
			children = (
				0043A4552BAD245300928971 /* CheckOutView.swift */,
			);
			path = CheckOutScreen;
			sourceTree = "<group>";
		};
		0063C1912B92FBDA0099A2A5 /* TabBar */ = {
			isa = PBXGroup;
			children = (
				0063C1922B92FBF00099A2A5 /* TabBarView.swift */,
				006472542B9086B60064C5D9 /* HomeScreen */,
				0063C1942B92FCE00099A2A5 /* FavoriteScreen */,
				0063C1972B9306140099A2A5 /* CartScreen */,
				0063C19A2B93062F0099A2A5 /* ProfileScreen */,
			);
			path = TabBar;
			sourceTree = "<group>";
		};
		0063C1942B92FCE00099A2A5 /* FavoriteScreen */ = {
			isa = PBXGroup;
			children = (
				0063C1952B92FCFD0099A2A5 /* FavoriteView.swift */,
			);
			path = FavoriteScreen;
			sourceTree = "<group>";
		};
		0063C1972B9306140099A2A5 /* CartScreen */ = {
			isa = PBXGroup;
			children = (
				0063C1982B9306240099A2A5 /* CartView.swift */,
				0043A4542BAD229300928971 /* CheckOutScreen */,
			);
			path = CartScreen;
			sourceTree = "<group>";
		};
		0063C19A2B93062F0099A2A5 /* ProfileScreen */ = {
			isa = PBXGroup;
			children = (
				0063C19B2B93063F0099A2A5 /* ProfileView.swift */,
			);
			path = ProfileScreen;
			sourceTree = "<group>";
		};
		0063C19D2B95985C0099A2A5 /* Model */ = {
			isa = PBXGroup;
			children = (
				0063C1A12B95B5AC0099A2A5 /* KeyWordSearchModel.swift */,
				00B312BB2B99F07600BC2943 /* ProductDetailModel.swift */,
				0043A43A2BA244F200928971 /* ReviewModel.swift */,
				0043A4522BABA3B300928971 /* AddressModel.swift */,
			);
			path = Model;
			sourceTree = "<group>";
		};
		0063C19E2B9598670099A2A5 /* View */ = {
			isa = PBXGroup;
			children = (
				00E2D53C2B86EA3E00BE9ABF /* Authentication */,
				0063C1912B92FBDA0099A2A5 /* TabBar */,
				00B312B82B99F04A00BC2943 /* ProductDetailScreen */,
				0043A4402BA2473700928971 /* ReviewsScreen */,
				0043A44C2BAB9DC600928971 /* ProfileScreens */,
				008D67E92BAE35EF00DFDE1F /* OrderSuccssState */,
			);
			path = View;
			sourceTree = "<group>";
		};
		0063C19F2B95986E0099A2A5 /* ViewModel */ = {
			isa = PBXGroup;
			children = (
				006472522B9086690064C5D9 /* AuthManager.swift */,
				0063C1A52B95F77A0099A2A5 /* HomeViewModel.swift */,
				00B78D3C2B9746D700EB82BC /* ImageLoadingViewModel.swift */,
				00BAD9102B9CCD8100374349 /* ProductDetailViewModel.swift */,
				0043A43E2BA246BA00928971 /* ReviewsViewModel.swift */,
				0043A4482BAA3C1700928971 /* CartViewModel.swift */,
				0043A44A2BAA497F00928971 /* CartManager.swift */,
				0043A4502BABA34800928971 /* ShippingAddressViewModel.swift */,
				0043A4572BAD324D00928971 /* AddressesManager.swift */,
			);
			path = ViewModel;
			sourceTree = "<group>";
		};
		0063C1A02B95996B0099A2A5 /* APIService */ = {
			isa = PBXGroup;
			children = (
				0063C1A32B95B61F0099A2A5 /* ApiCall.swift */,
				00B312BD2B99F2F100BC2943 /* ApiDetails.swift */,
				0043A43C2BA2452100928971 /* ApiReviews.swift */,
			);
			path = APIService;
			sourceTree = "<group>";
		};
		006472542B9086B60064C5D9 /* HomeScreen */ = {
			isa = PBXGroup;
			children = (
				006472552B9086D80064C5D9 /* HomeView.swift */,
			);
			path = HomeScreen;
			sourceTree = "<group>";
		};
		006670F32B8EC762009E78BE /* Helper */ = {
			isa = PBXGroup;
			children = (
				006670F42B8EC778009E78BE /* Validation.swift */,
				000B69512BB231420060A8DA /* NavigationStateManager.swift */,
			);
			path = Helper;
			sourceTree = "<group>";
		};
		008D67E92BAE35EF00DFDE1F /* OrderSuccssState */ = {
			isa = PBXGroup;
			children = (
				008D67EA2BAE361300DFDE1F /* OrderSuccessView.swift */,
			);
			path = OrderSuccssState;
			sourceTree = "<group>";
		};
		00B312B82B99F04A00BC2943 /* ProductDetailScreen */ = {
			isa = PBXGroup;
			children = (
				00B312B92B99F06100BC2943 /* ProductDetailView.swift */,
			);
			path = ProductDetailScreen;
			sourceTree = "<group>";
		};
		00E2D5202B86E73A00BE9ABF = {
			isa = PBXGroup;
			children = (
				00E2D52B2B86E73A00BE9ABF /* FurnitureApp */,
				00E2D52A2B86E73A00BE9ABF /* Products */,
			);
			sourceTree = "<group>";
		};
		00E2D52A2B86E73A00BE9ABF /* Products */ = {
			isa = PBXGroup;
			children = (
				00E2D5292B86E73A00BE9ABF /* FurnitureApp.app */,
			);
			name = Products;
			sourceTree = "<group>";
		};
		00E2D52B2B86E73A00BE9ABF /* FurnitureApp */ = {
			isa = PBXGroup;
			children = (
				0063C19D2B95985C0099A2A5 /* Model */,
				0063C19E2B9598670099A2A5 /* View */,
				0063C19F2B95986E0099A2A5 /* ViewModel */,
				0063C1A02B95996B0099A2A5 /* APIService */,
				006670F32B8EC762009E78BE /* Helper */,
				00E2D5532B883B5C00BE9ABF /* Extensions */,
				00E2D54F2B86F7AF00BE9ABF /* Info.plist */,
				00E2D52C2B86E73A00BE9ABF /* FurnitureAppApp.swift */,
				0023F8622C0D9C67005B2394 /* GoogleService-Info.plist */,
				00E2D5302B86E73B00BE9ABF /* Assets.xcassets */,
				00E2D5322B86E73B00BE9ABF /* Preview Content */,
				00E2D53A2B86E8D700BE9ABF /* Splash.storyboard */,
				00E2D53E2B86F6E300BE9ABF /* Fonts */,
			);
			path = FurnitureApp;
			sourceTree = "<group>";
		};
		00E2D5322B86E73B00BE9ABF /* Preview Content */ = {
			isa = PBXGroup;
			children = (
				00E2D5332B86E73B00BE9ABF /* Preview Assets.xcassets */,
			);
			path = "Preview Content";
			sourceTree = "<group>";
		};
		00E2D53C2B86EA3E00BE9ABF /* Authentication */ = {
			isa = PBXGroup;
			children = (
				00E2D52E2B86E73A00BE9ABF /* WelcomeView.swift */,
				00E2D5562B8AC50800BE9ABF /* LogInView.swift */,
				006670B82B8DBA21009E78BE /* SignUpView.swift */,
			);
			path = Authentication;
			sourceTree = "<group>";
		};
		00E2D53E2B86F6E300BE9ABF /* Fonts */ = {
			isa = PBXGroup;
			children = (
				00E2D5442B86F6FE00BE9ABF /* Gelasio-Bold.ttf */,
				00E2D5452B86F6FE00BE9ABF /* Gelasio-Medium.ttf */,
				00E2D5412B86F6FE00BE9ABF /* Gelasio-Regular.ttf */,
				00E2D5432B86F6FE00BE9ABF /* Gelasio-SemiBold.ttf */,
			);
			path = Fonts;
			sourceTree = "<group>";
		};
		00E2D5532B883B5C00BE9ABF /* Extensions */ = {
			isa = PBXGroup;
			children = (
				00E2D5542B883B7800BE9ABF /* Color+extension.swift */,
				006670F62B8ED3B7009E78BE /* UIApplication+Extension.swift */,
			);
			path = Extensions;
			sourceTree = "<group>";
		};
/* End PBXGroup section */

/* Begin PBXNativeTarget section */
		00E2D5282B86E73A00BE9ABF /* FurnitureApp */ = {
			isa = PBXNativeTarget;
			buildConfigurationList = 00E2D5372B86E73B00BE9ABF /* Build configuration list for PBXNativeTarget "FurnitureApp" */;
			buildPhases = (
				00E2D5252B86E73A00BE9ABF /* Sources */,
				00E2D5262B86E73A00BE9ABF /* Frameworks */,
				00E2D5272B86E73A00BE9ABF /* Resources */,
			);
			buildRules = (
			);
			dependencies = (
			);
			name = FurnitureApp;
			packageProductDependencies = (
				006670BD2B8DDBF3009E78BE /* FirebaseAnalytics */,
				006670BF2B8DDBF3009E78BE /* FirebaseAnalyticsOnDeviceConversion */,
				006670C12B8DDBF3009E78BE /* FirebaseAnalyticsSwift */,
				006670C32B8DDBF3009E78BE /* FirebaseAnalyticsWithoutAdIdSupport */,
				006670C52B8DDBF3009E78BE /* FirebaseAppCheck */,
				006670C72B8DDBF3009E78BE /* FirebaseAppDistribution-Beta */,
				006670C92B8DDBF3009E78BE /* FirebaseAuth */,
				006670CB2B8DDBF3009E78BE /* FirebaseAuthCombine-Community */,
				006670CD2B8DDBF3009E78BE /* FirebaseCrashlytics */,
				006670CF2B8DDBF3009E78BE /* FirebaseDatabase */,
				006670D12B8DDBF3009E78BE /* FirebaseDatabaseSwift */,
				006670D32B8DDBF3009E78BE /* FirebaseDynamicLinks */,
				006670D52B8DDBF3009E78BE /* FirebaseFirestore */,
				006670D72B8DDBF3009E78BE /* FirebaseFirestoreCombine-Community */,
				006670D92B8DDBF3009E78BE /* FirebaseFirestoreSwift */,
				006670DB2B8DDBF3009E78BE /* FirebaseFunctions */,
				006670DD2B8DDBF3009E78BE /* FirebaseFunctionsCombine-Community */,
				006670DF2B8DDBF3009E78BE /* FirebaseInAppMessaging-Beta */,
				006670E12B8DDBF3009E78BE /* FirebaseInAppMessagingSwift-Beta */,
				006670E32B8DDBF3009E78BE /* FirebaseInstallations */,
				006670E52B8DDBF3009E78BE /* FirebaseMLModelDownloader */,
				006670E72B8DDBF3009E78BE /* FirebaseMessaging */,
				006670E92B8DDBF3009E78BE /* FirebasePerformance */,
				006670EB2B8DDBF3009E78BE /* FirebaseRemoteConfig */,
				006670ED2B8DDBF3009E78BE /* FirebaseRemoteConfigSwift */,
				006670EF2B8DDBF3009E78BE /* FirebaseStorage */,
				006670F12B8DDBF3009E78BE /* FirebaseStorageCombine-Community */,
				00A009B92B92F91A0063351D /* FirebaseAnalytics */,
				00A009BB2B92F91A0063351D /* FirebaseAnalyticsOnDeviceConversion */,
				00A009BD2B92F91A0063351D /* FirebaseAnalyticsSwift */,
				00A009BF2B92F91A0063351D /* FirebaseAnalyticsWithoutAdIdSupport */,
				00A009C12B92F91A0063351D /* FirebaseAppCheck */,
				00A009C32B92F91A0063351D /* FirebaseAppDistribution-Beta */,
				00A009C52B92F91A0063351D /* FirebaseAuth */,
				00A009C72B92F91A0063351D /* FirebaseAuthCombine-Community */,
				00A009C92B92F91A0063351D /* FirebaseCrashlytics */,
				00A009CB2B92F91A0063351D /* FirebaseDatabase */,
				00A009CD2B92F91A0063351D /* FirebaseDatabaseSwift */,
				00A009CF2B92F91A0063351D /* FirebaseDynamicLinks */,
				00A009D12B92F91A0063351D /* FirebaseFirestore */,
				00A009D32B92F91A0063351D /* FirebaseFirestoreCombine-Community */,
				00A009D52B92F91A0063351D /* FirebaseFirestoreSwift */,
				00A009D72B92F91A0063351D /* FirebaseFunctions */,
				00A009D92B92F91A0063351D /* FirebaseFunctionsCombine-Community */,
				00A009DB2B92F91A0063351D /* FirebaseInAppMessaging-Beta */,
				00A009DD2B92F91A0063351D /* FirebaseInAppMessagingSwift-Beta */,
				00A009DF2B92F91A0063351D /* FirebaseInstallations */,
				00A009E12B92F91A0063351D /* FirebaseMLModelDownloader */,
				00A009E32B92F91A0063351D /* FirebaseMessaging */,
				00A009E52B92F91A0063351D /* FirebasePerformance */,
				00A009E72B92F91A0063351D /* FirebaseRemoteConfig */,
				00A009E92B92F91A0063351D /* FirebaseRemoteConfigSwift */,
				00A009EB2B92F91A0063351D /* FirebaseStorage */,
				00A009ED2B92F91A0063351D /* FirebaseStorageCombine-Community */,
				00B78D3F2B977C3B00EB82BC /* NukeUI */,
				005A26522BA139E300C659B2 /* FirebaseAnalytics */,
				005A26542BA139E300C659B2 /* FirebaseAnalyticsOnDeviceConversion */,
				005A26562BA139E300C659B2 /* FirebaseAnalyticsSwift */,
				005A26582BA139E300C659B2 /* FirebaseAnalyticsWithoutAdIdSupport */,
				005A265A2BA139E300C659B2 /* FirebaseAppCheck */,
			);
			productName = FurnitureApp;
			productReference = 00E2D5292B86E73A00BE9ABF /* FurnitureApp.app */;
			productType = "com.apple.product-type.application";
		};
/* End PBXNativeTarget section */

/* Begin PBXProject section */
		00E2D5212B86E73A00BE9ABF /* Project object */ = {
			isa = PBXProject;
			attributes = {
				BuildIndependentTargetsInParallel = 1;
				LastSwiftUpdateCheck = 1520;
				LastUpgradeCheck = 1520;
				TargetAttributes = {
					00E2D5282B86E73A00BE9ABF = {
						CreatedOnToolsVersion = 15.2;
					};
				};
			};
			buildConfigurationList = 00E2D5242B86E73A00BE9ABF /* Build configuration list for PBXProject "FurnitureApp" */;
			compatibilityVersion = "Xcode 14.0";
			developmentRegion = en;
			hasScannedForEncodings = 0;
			knownRegions = (
				en,
				Base,
			);
			mainGroup = 00E2D5202B86E73A00BE9ABF;
			packageReferences = (
				006670BC2B8DDBF3009E78BE /* XCRemoteSwiftPackageReference "firebase-ios-sdk" */,
				00B78D362B96FA7100EB82BC /* XCRemoteSwiftPackageReference "SDWebImageSwiftUI" */,
				00B78D392B9706AD00EB82BC /* XCRemoteSwiftPackageReference "Kingfisher" */,
				00B78D3E2B977C3B00EB82BC /* XCRemoteSwiftPackageReference "NukeUI" */,
			);
			productRefGroup = 00E2D52A2B86E73A00BE9ABF /* Products */;
			projectDirPath = "";
			projectRoot = "";
			targets = (
				00E2D5282B86E73A00BE9ABF /* FurnitureApp */,
			);
		};
/* End PBXProject section */

/* Begin PBXResourcesBuildPhase section */
		00E2D5272B86E73A00BE9ABF /* Resources */ = {
			isa = PBXResourcesBuildPhase;
			buildActionMask = 2147483647;
			files = (
				00E2D54B2B86F6FF00BE9ABF /* Gelasio-SemiBold.ttf in Resources */,
				00E2D5492B86F6FF00BE9ABF /* Gelasio-Regular.ttf in Resources */,
				00E2D54D2B86F6FF00BE9ABF /* Gelasio-Medium.ttf in Resources */,
				00E2D5342B86E73B00BE9ABF /* Preview Assets.xcassets in Resources */,
				00E2D54C2B86F6FF00BE9ABF /* Gelasio-Bold.ttf in Resources */,
				00E2D5312B86E73B00BE9ABF /* Assets.xcassets in Resources */,
				0023F8632C0D9C67005B2394 /* GoogleService-Info.plist in Resources */,
				00E2D53B2B86E8D700BE9ABF /* Splash.storyboard in Resources */,
			);
			runOnlyForDeploymentPostprocessing = 0;
		};
/* End PBXResourcesBuildPhase section */

/* Begin PBXSourcesBuildPhase section */
		00E2D5252B86E73A00BE9ABF /* Sources */ = {
			isa = PBXSourcesBuildPhase;
			buildActionMask = 2147483647;
			files = (
				006472562B9086D80064C5D9 /* HomeView.swift in Sources */,
				0043A43B2BA244F200928971 /* ReviewModel.swift in Sources */,
				0043A43F2BA246BA00928971 /* ReviewsViewModel.swift in Sources */,
				000B69522BB231420060A8DA /* NavigationStateManager.swift in Sources */,
				0043A4562BAD245300928971 /* CheckOutView.swift in Sources */,
				0063C19C2B93063F0099A2A5 /* ProfileView.swift in Sources */,
				0063C1992B9306240099A2A5 /* CartView.swift in Sources */,
				0043A4422BA2474500928971 /* ReviewView.swift in Sources */,
				0063C1A62B95F77A0099A2A5 /* HomeViewModel.swift in Sources */,
				008D67EB2BAE361300DFDE1F /* OrderSuccessView.swift in Sources */,
				00E2D52F2B86E73A00BE9ABF /* WelcomeView.swift in Sources */,
				00B78D3D2B9746D700EB82BC /* ImageLoadingViewModel.swift in Sources */,
				0043A4582BAD324D00928971 /* AddressesManager.swift in Sources */,
				006670B92B8DBA21009E78BE /* SignUpView.swift in Sources */,
				00E2D5572B8AC50800BE9ABF /* LogInView.swift in Sources */,
				00E2D52D2B86E73A00BE9ABF /* FurnitureAppApp.swift in Sources */,
				00B312BE2B99F2F100BC2943 /* ApiDetails.swift in Sources */,
				0063C1962B92FCFD0099A2A5 /* FavoriteView.swift in Sources */,
				0043A4532BABA3B300928971 /* AddressModel.swift in Sources */,
				006472532B9086690064C5D9 /* AuthManager.swift in Sources */,
				006670F52B8EC778009E78BE /* Validation.swift in Sources */,
				0043A4492BAA3C1700928971 /* CartViewModel.swift in Sources */,
				00B312BC2B99F07600BC2943 /* ProductDetailModel.swift in Sources */,
				0063C1A42B95B61F0099A2A5 /* ApiCall.swift in Sources */,
				0043A44F2BAB9E0400928971 /* ShippingAddressView.swift in Sources */,
				0043A44B2BAA497F00928971 /* CartManager.swift in Sources */,
				00E2D5552B883B7800BE9ABF /* Color+extension.swift in Sources */,
				0063C1A22B95B5AC0099A2A5 /* KeyWordSearchModel.swift in Sources */,
				00BAD9112B9CCD8100374349 /* ProductDetailViewModel.swift in Sources */,
				0063C1932B92FBF10099A2A5 /* TabBarView.swift in Sources */,
				006670F72B8ED3B7009E78BE /* UIApplication+Extension.swift in Sources */,
				0043A43D2BA2452100928971 /* ApiReviews.swift in Sources */,
				00B312BA2B99F06100BC2943 /* ProductDetailView.swift in Sources */,
				0043A4512BABA34800928971 /* ShippingAddressViewModel.swift in Sources */,
			);
			runOnlyForDeploymentPostprocessing = 0;
		};
/* End PBXSourcesBuildPhase section */

/* Begin XCBuildConfiguration section */
		00E2D5352B86E73B00BE9ABF /* Debug */ = {
			isa = XCBuildConfiguration;
			buildSettings = {
				ALWAYS_SEARCH_USER_PATHS = NO;
				ASSETCATALOG_COMPILER_GENERATE_SWIFT_ASSET_SYMBOL_EXTENSIONS = YES;
				CLANG_ANALYZER_NONNULL = YES;
				CLANG_ANALYZER_NUMBER_OBJECT_CONVERSION = YES_AGGRESSIVE;
				CLANG_CXX_LANGUAGE_STANDARD = "gnu++20";
				CLANG_ENABLE_MODULES = YES;
				CLANG_ENABLE_OBJC_ARC = YES;
				CLANG_ENABLE_OBJC_WEAK = YES;
				CLANG_WARN_BLOCK_CAPTURE_AUTORELEASING = YES;
				CLANG_WARN_BOOL_CONVERSION = YES;
				CLANG_WARN_COMMA = YES;
				CLANG_WARN_CONSTANT_CONVERSION = YES;
				CLANG_WARN_DEPRECATED_OBJC_IMPLEMENTATIONS = YES;
				CLANG_WARN_DIRECT_OBJC_ISA_USAGE = YES_ERROR;
				CLANG_WARN_DOCUMENTATION_COMMENTS = YES;
				CLANG_WARN_EMPTY_BODY = YES;
				CLANG_WARN_ENUM_CONVERSION = YES;
				CLANG_WARN_INFINITE_RECURSION = YES;
				CLANG_WARN_INT_CONVERSION = YES;
				CLANG_WARN_NON_LITERAL_NULL_CONVERSION = YES;
				CLANG_WARN_OBJC_IMPLICIT_RETAIN_SELF = YES;
				CLANG_WARN_OBJC_LITERAL_CONVERSION = YES;
				CLANG_WARN_OBJC_ROOT_CLASS = YES_ERROR;
				CLANG_WARN_QUOTED_INCLUDE_IN_FRAMEWORK_HEADER = YES;
				CLANG_WARN_RANGE_LOOP_ANALYSIS = YES;
				CLANG_WARN_STRICT_PROTOTYPES = YES;
				CLANG_WARN_SUSPICIOUS_MOVE = YES;
				CLANG_WARN_UNGUARDED_AVAILABILITY = YES_AGGRESSIVE;
				CLANG_WARN_UNREACHABLE_CODE = YES;
				CLANG_WARN__DUPLICATE_METHOD_MATCH = YES;
				COPY_PHASE_STRIP = NO;
				DEBUG_INFORMATION_FORMAT = dwarf;
				ENABLE_STRICT_OBJC_MSGSEND = YES;
				ENABLE_TESTABILITY = YES;
				ENABLE_USER_SCRIPT_SANDBOXING = YES;
				GCC_C_LANGUAGE_STANDARD = gnu17;
				GCC_DYNAMIC_NO_PIC = NO;
				GCC_NO_COMMON_BLOCKS = YES;
				GCC_OPTIMIZATION_LEVEL = 0;
				GCC_PREPROCESSOR_DEFINITIONS = (
					"DEBUG=1",
					"$(inherited)",
				);
				GCC_WARN_64_TO_32_BIT_CONVERSION = YES;
				GCC_WARN_ABOUT_RETURN_TYPE = YES_ERROR;
				GCC_WARN_UNDECLARED_SELECTOR = YES;
				GCC_WARN_UNINITIALIZED_AUTOS = YES_AGGRESSIVE;
				GCC_WARN_UNUSED_FUNCTION = YES;
				GCC_WARN_UNUSED_VARIABLE = YES;
				IPHONEOS_DEPLOYMENT_TARGET = 17.2;
				LOCALIZATION_PREFERS_STRING_CATALOGS = YES;
				MTL_ENABLE_DEBUG_INFO = INCLUDE_SOURCE;
				MTL_FAST_MATH = YES;
				ONLY_ACTIVE_ARCH = YES;
				SDKROOT = iphoneos;
				SWIFT_ACTIVE_COMPILATION_CONDITIONS = "DEBUG $(inherited)";
				SWIFT_OPTIMIZATION_LEVEL = "-Onone";
			};
			name = Debug;
		};
		00E2D5362B86E73B00BE9ABF /* Release */ = {
			isa = XCBuildConfiguration;
			buildSettings = {
				ALWAYS_SEARCH_USER_PATHS = NO;
				ASSETCATALOG_COMPILER_GENERATE_SWIFT_ASSET_SYMBOL_EXTENSIONS = YES;
				CLANG_ANALYZER_NONNULL = YES;
				CLANG_ANALYZER_NUMBER_OBJECT_CONVERSION = YES_AGGRESSIVE;
				CLANG_CXX_LANGUAGE_STANDARD = "gnu++20";
				CLANG_ENABLE_MODULES = YES;
				CLANG_ENABLE_OBJC_ARC = YES;
				CLANG_ENABLE_OBJC_WEAK = YES;
				CLANG_WARN_BLOCK_CAPTURE_AUTORELEASING = YES;
				CLANG_WARN_BOOL_CONVERSION = YES;
				CLANG_WARN_COMMA = YES;
				CLANG_WARN_CONSTANT_CONVERSION = YES;
				CLANG_WARN_DEPRECATED_OBJC_IMPLEMENTATIONS = YES;
				CLANG_WARN_DIRECT_OBJC_ISA_USAGE = YES_ERROR;
				CLANG_WARN_DOCUMENTATION_COMMENTS = YES;
				CLANG_WARN_EMPTY_BODY = YES;
				CLANG_WARN_ENUM_CONVERSION = YES;
				CLANG_WARN_INFINITE_RECURSION = YES;
				CLANG_WARN_INT_CONVERSION = YES;
				CLANG_WARN_NON_LITERAL_NULL_CONVERSION = YES;
				CLANG_WARN_OBJC_IMPLICIT_RETAIN_SELF = YES;
				CLANG_WARN_OBJC_LITERAL_CONVERSION = YES;
				CLANG_WARN_OBJC_ROOT_CLASS = YES_ERROR;
				CLANG_WARN_QUOTED_INCLUDE_IN_FRAMEWORK_HEADER = YES;
				CLANG_WARN_RANGE_LOOP_ANALYSIS = YES;
				CLANG_WARN_STRICT_PROTOTYPES = YES;
				CLANG_WARN_SUSPICIOUS_MOVE = YES;
				CLANG_WARN_UNGUARDED_AVAILABILITY = YES_AGGRESSIVE;
				CLANG_WARN_UNREACHABLE_CODE = YES;
				CLANG_WARN__DUPLICATE_METHOD_MATCH = YES;
				COPY_PHASE_STRIP = NO;
				DEBUG_INFORMATION_FORMAT = "dwarf-with-dsym";
				ENABLE_NS_ASSERTIONS = NO;
				ENABLE_STRICT_OBJC_MSGSEND = YES;
				ENABLE_USER_SCRIPT_SANDBOXING = YES;
				GCC_C_LANGUAGE_STANDARD = gnu17;
				GCC_NO_COMMON_BLOCKS = YES;
				GCC_WARN_64_TO_32_BIT_CONVERSION = YES;
				GCC_WARN_ABOUT_RETURN_TYPE = YES_ERROR;
				GCC_WARN_UNDECLARED_SELECTOR = YES;
				GCC_WARN_UNINITIALIZED_AUTOS = YES_AGGRESSIVE;
				GCC_WARN_UNUSED_FUNCTION = YES;
				GCC_WARN_UNUSED_VARIABLE = YES;
				IPHONEOS_DEPLOYMENT_TARGET = 17.2;
				LOCALIZATION_PREFERS_STRING_CATALOGS = YES;
				MTL_ENABLE_DEBUG_INFO = NO;
				MTL_FAST_MATH = YES;
				SDKROOT = iphoneos;
				SWIFT_COMPILATION_MODE = wholemodule;
				VALIDATE_PRODUCT = YES;
			};
			name = Release;
		};
		00E2D5382B86E73B00BE9ABF /* Debug */ = {
			isa = XCBuildConfiguration;
			buildSettings = {
				ASSETCATALOG_COMPILER_APPICON_NAME = AppIcon;
				ASSETCATALOG_COMPILER_GLOBAL_ACCENT_COLOR_NAME = AccentColor;
				CODE_SIGN_STYLE = Automatic;
				CURRENT_PROJECT_VERSION = 1;
				DEVELOPMENT_ASSET_PATHS = "\"FurnitureApp/Preview Content\"";
				ENABLE_PREVIEWS = YES;
				GENERATE_INFOPLIST_FILE = YES;
				INFOPLIST_FILE = FurnitureApp/Info.plist;
				INFOPLIST_KEY_UIApplicationSceneManifest_Generation = YES;
				INFOPLIST_KEY_UIApplicationSupportsIndirectInputEvents = YES;
				INFOPLIST_KEY_UILaunchScreen_Generation = YES;
				INFOPLIST_KEY_UILaunchStoryboardName = Splash.storyboard;
				INFOPLIST_KEY_UISupportedInterfaceOrientations = UIInterfaceOrientationPortrait;
				INFOPLIST_KEY_UISupportedInterfaceOrientations_iPad = "UIInterfaceOrientationLandscapeLeft UIInterfaceOrientationLandscapeRight UIInterfaceOrientationPortrait UIInterfaceOrientationPortraitUpsideDown";
				IPHONEOS_DEPLOYMENT_TARGET = 17.0;
				LD_RUNPATH_SEARCH_PATHS = (
					"$(inherited)",
					"@executable_path/Frameworks",
				);
				MARKETING_VERSION = 1.0;
				PRODUCT_BUNDLE_IDENTIFIER = com.moataz.FurnitureApp;
				PRODUCT_NAME = "$(TARGET_NAME)";
				SUPPORTED_PLATFORMS = "iphoneos iphonesimulator";
				SUPPORTS_MACCATALYST = NO;
				SUPPORTS_MAC_DESIGNED_FOR_IPHONE_IPAD = NO;
				SUPPORTS_XR_DESIGNED_FOR_IPHONE_IPAD = NO;
				SWIFT_EMIT_LOC_STRINGS = YES;
				SWIFT_VERSION = 5.0;
				TARGETED_DEVICE_FAMILY = 1;
			};
			name = Debug;
		};
		00E2D5392B86E73B00BE9ABF /* Release */ = {
			isa = XCBuildConfiguration;
			buildSettings = {
				ASSETCATALOG_COMPILER_APPICON_NAME = AppIcon;
				ASSETCATALOG_COMPILER_GLOBAL_ACCENT_COLOR_NAME = AccentColor;
				CODE_SIGN_STYLE = Automatic;
				CURRENT_PROJECT_VERSION = 1;
				DEVELOPMENT_ASSET_PATHS = "\"FurnitureApp/Preview Content\"";
				ENABLE_PREVIEWS = YES;
				GENERATE_INFOPLIST_FILE = YES;
				INFOPLIST_FILE = FurnitureApp/Info.plist;
				INFOPLIST_KEY_UIApplicationSceneManifest_Generation = YES;
				INFOPLIST_KEY_UIApplicationSupportsIndirectInputEvents = YES;
				INFOPLIST_KEY_UILaunchScreen_Generation = YES;
				INFOPLIST_KEY_UILaunchStoryboardName = Splash.storyboard;
				INFOPLIST_KEY_UISupportedInterfaceOrientations = UIInterfaceOrientationPortrait;
				INFOPLIST_KEY_UISupportedInterfaceOrientations_iPad = "UIInterfaceOrientationLandscapeLeft UIInterfaceOrientationLandscapeRight UIInterfaceOrientationPortrait UIInterfaceOrientationPortraitUpsideDown";
				IPHONEOS_DEPLOYMENT_TARGET = 17.0;
				LD_RUNPATH_SEARCH_PATHS = (
					"$(inherited)",
					"@executable_path/Frameworks",
				);
				MARKETING_VERSION = 1.0;
				PRODUCT_BUNDLE_IDENTIFIER = com.moataz.FurnitureApp;
				PRODUCT_NAME = "$(TARGET_NAME)";
				SUPPORTED_PLATFORMS = "iphoneos iphonesimulator";
				SUPPORTS_MACCATALYST = NO;
				SUPPORTS_MAC_DESIGNED_FOR_IPHONE_IPAD = NO;
				SUPPORTS_XR_DESIGNED_FOR_IPHONE_IPAD = NO;
				SWIFT_EMIT_LOC_STRINGS = YES;
				SWIFT_VERSION = 5.0;
				TARGETED_DEVICE_FAMILY = 1;
			};
			name = Release;
		};
/* End XCBuildConfiguration section */

/* Begin XCConfigurationList section */
		00E2D5242B86E73A00BE9ABF /* Build configuration list for PBXProject "FurnitureApp" */ = {
			isa = XCConfigurationList;
			buildConfigurations = (
				00E2D5352B86E73B00BE9ABF /* Debug */,
				00E2D5362B86E73B00BE9ABF /* Release */,
			);
			defaultConfigurationIsVisible = 0;
			defaultConfigurationName = Release;
		};
		00E2D5372B86E73B00BE9ABF /* Build configuration list for PBXNativeTarget "FurnitureApp" */ = {
			isa = XCConfigurationList;
			buildConfigurations = (
				00E2D5382B86E73B00BE9ABF /* Debug */,
				00E2D5392B86E73B00BE9ABF /* Release */,
			);
			defaultConfigurationIsVisible = 0;
			defaultConfigurationName = Release;
		};
/* End XCConfigurationList section */

/* Begin XCRemoteSwiftPackageReference section */
		006670BC2B8DDBF3009E78BE /* XCRemoteSwiftPackageReference "firebase-ios-sdk" */ = {
			isa = XCRemoteSwiftPackageReference;
			repositoryURL = "https://github.com/firebase/firebase-ios-sdk";
			requirement = {
				kind = exactVersion;
				version = 10.19.0;
			};
		};
		00B78D362B96FA7100EB82BC /* XCRemoteSwiftPackageReference "SDWebImageSwiftUI" */ = {
			isa = XCRemoteSwiftPackageReference;
			repositoryURL = "https://github.com/SDWebImage/SDWebImageSwiftUI";
			requirement = {
				kind = upToNextMajorVersion;
				minimumVersion = 2.2.6;
			};
		};
		00B78D392B9706AD00EB82BC /* XCRemoteSwiftPackageReference "Kingfisher" */ = {
			isa = XCRemoteSwiftPackageReference;
			repositoryURL = "https://github.com/onevcat/Kingfisher.git";
			requirement = {
				kind = upToNextMajorVersion;
				minimumVersion = 7.11.0;
			};
		};
		00B78D3E2B977C3B00EB82BC /* XCRemoteSwiftPackageReference "NukeUI" */ = {
			isa = XCRemoteSwiftPackageReference;
			repositoryURL = "https://github.com/kean/NukeUI";
			requirement = {
				kind = upToNextMajorVersion;
				minimumVersion = 0.8.3;
			};
		};
/* End XCRemoteSwiftPackageReference section */

/* Begin XCSwiftPackageProductDependency section */
		005A26522BA139E300C659B2 /* FirebaseAnalytics */ = {
			isa = XCSwiftPackageProductDependency;
			package = 006670BC2B8DDBF3009E78BE /* XCRemoteSwiftPackageReference "firebase-ios-sdk" */;
			productName = FirebaseAnalytics;
		};
		005A26542BA139E300C659B2 /* FirebaseAnalyticsOnDeviceConversion */ = {
			isa = XCSwiftPackageProductDependency;
			package = 006670BC2B8DDBF3009E78BE /* XCRemoteSwiftPackageReference "firebase-ios-sdk" */;
			productName = FirebaseAnalyticsOnDeviceConversion;
		};
		005A26562BA139E300C659B2 /* FirebaseAnalyticsSwift */ = {
			isa = XCSwiftPackageProductDependency;
			package = 006670BC2B8DDBF3009E78BE /* XCRemoteSwiftPackageReference "firebase-ios-sdk" */;
			productName = FirebaseAnalyticsSwift;
		};
		005A26582BA139E300C659B2 /* FirebaseAnalyticsWithoutAdIdSupport */ = {
			isa = XCSwiftPackageProductDependency;
			package = 006670BC2B8DDBF3009E78BE /* XCRemoteSwiftPackageReference "firebase-ios-sdk" */;
			productName = FirebaseAnalyticsWithoutAdIdSupport;
		};
		005A265A2BA139E300C659B2 /* FirebaseAppCheck */ = {
			isa = XCSwiftPackageProductDependency;
			package = 006670BC2B8DDBF3009E78BE /* XCRemoteSwiftPackageReference "firebase-ios-sdk" */;
			productName = FirebaseAppCheck;
		};
		006670BD2B8DDBF3009E78BE /* FirebaseAnalytics */ = {
			isa = XCSwiftPackageProductDependency;
			package = 006670BC2B8DDBF3009E78BE /* XCRemoteSwiftPackageReference "firebase-ios-sdk" */;
			productName = FirebaseAnalytics;
		};
		006670BF2B8DDBF3009E78BE /* FirebaseAnalyticsOnDeviceConversion */ = {
			isa = XCSwiftPackageProductDependency;
			package = 006670BC2B8DDBF3009E78BE /* XCRemoteSwiftPackageReference "firebase-ios-sdk" */;
			productName = FirebaseAnalyticsOnDeviceConversion;
		};
		006670C12B8DDBF3009E78BE /* FirebaseAnalyticsSwift */ = {
			isa = XCSwiftPackageProductDependency;
			package = 006670BC2B8DDBF3009E78BE /* XCRemoteSwiftPackageReference "firebase-ios-sdk" */;
			productName = FirebaseAnalyticsSwift;
		};
		006670C32B8DDBF3009E78BE /* FirebaseAnalyticsWithoutAdIdSupport */ = {
			isa = XCSwiftPackageProductDependency;
			package = 006670BC2B8DDBF3009E78BE /* XCRemoteSwiftPackageReference "firebase-ios-sdk" */;
			productName = FirebaseAnalyticsWithoutAdIdSupport;
		};
		006670C52B8DDBF3009E78BE /* FirebaseAppCheck */ = {
			isa = XCSwiftPackageProductDependency;
			package = 006670BC2B8DDBF3009E78BE /* XCRemoteSwiftPackageReference "firebase-ios-sdk" */;
			productName = FirebaseAppCheck;
		};
		006670C72B8DDBF3009E78BE /* FirebaseAppDistribution-Beta */ = {
			isa = XCSwiftPackageProductDependency;
			package = 006670BC2B8DDBF3009E78BE /* XCRemoteSwiftPackageReference "firebase-ios-sdk" */;
			productName = "FirebaseAppDistribution-Beta";
		};
		006670C92B8DDBF3009E78BE /* FirebaseAuth */ = {
			isa = XCSwiftPackageProductDependency;
			package = 006670BC2B8DDBF3009E78BE /* XCRemoteSwiftPackageReference "firebase-ios-sdk" */;
			productName = FirebaseAuth;
		};
		006670CB2B8DDBF3009E78BE /* FirebaseAuthCombine-Community */ = {
			isa = XCSwiftPackageProductDependency;
			package = 006670BC2B8DDBF3009E78BE /* XCRemoteSwiftPackageReference "firebase-ios-sdk" */;
			productName = "FirebaseAuthCombine-Community";
		};
		006670CD2B8DDBF3009E78BE /* FirebaseCrashlytics */ = {
			isa = XCSwiftPackageProductDependency;
			package = 006670BC2B8DDBF3009E78BE /* XCRemoteSwiftPackageReference "firebase-ios-sdk" */;
			productName = FirebaseCrashlytics;
		};
		006670CF2B8DDBF3009E78BE /* FirebaseDatabase */ = {
			isa = XCSwiftPackageProductDependency;
			package = 006670BC2B8DDBF3009E78BE /* XCRemoteSwiftPackageReference "firebase-ios-sdk" */;
			productName = FirebaseDatabase;
		};
		006670D12B8DDBF3009E78BE /* FirebaseDatabaseSwift */ = {
			isa = XCSwiftPackageProductDependency;
			package = 006670BC2B8DDBF3009E78BE /* XCRemoteSwiftPackageReference "firebase-ios-sdk" */;
			productName = FirebaseDatabaseSwift;
		};
		006670D32B8DDBF3009E78BE /* FirebaseDynamicLinks */ = {
			isa = XCSwiftPackageProductDependency;
			package = 006670BC2B8DDBF3009E78BE /* XCRemoteSwiftPackageReference "firebase-ios-sdk" */;
			productName = FirebaseDynamicLinks;
		};
		006670D52B8DDBF3009E78BE /* FirebaseFirestore */ = {
			isa = XCSwiftPackageProductDependency;
			package = 006670BC2B8DDBF3009E78BE /* XCRemoteSwiftPackageReference "firebase-ios-sdk" */;
			productName = FirebaseFirestore;
		};
		006670D72B8DDBF3009E78BE /* FirebaseFirestoreCombine-Community */ = {
			isa = XCSwiftPackageProductDependency;
			package = 006670BC2B8DDBF3009E78BE /* XCRemoteSwiftPackageReference "firebase-ios-sdk" */;
			productName = "FirebaseFirestoreCombine-Community";
		};
		006670D92B8DDBF3009E78BE /* FirebaseFirestoreSwift */ = {
			isa = XCSwiftPackageProductDependency;
			package = 006670BC2B8DDBF3009E78BE /* XCRemoteSwiftPackageReference "firebase-ios-sdk" */;
			productName = FirebaseFirestoreSwift;
		};
		006670DB2B8DDBF3009E78BE /* FirebaseFunctions */ = {
			isa = XCSwiftPackageProductDependency;
			package = 006670BC2B8DDBF3009E78BE /* XCRemoteSwiftPackageReference "firebase-ios-sdk" */;
			productName = FirebaseFunctions;
		};
		006670DD2B8DDBF3009E78BE /* FirebaseFunctionsCombine-Community */ = {
			isa = XCSwiftPackageProductDependency;
			package = 006670BC2B8DDBF3009E78BE /* XCRemoteSwiftPackageReference "firebase-ios-sdk" */;
			productName = "FirebaseFunctionsCombine-Community";
		};
		006670DF2B8DDBF3009E78BE /* FirebaseInAppMessaging-Beta */ = {
			isa = XCSwiftPackageProductDependency;
			package = 006670BC2B8DDBF3009E78BE /* XCRemoteSwiftPackageReference "firebase-ios-sdk" */;
			productName = "FirebaseInAppMessaging-Beta";
		};
		006670E12B8DDBF3009E78BE /* FirebaseInAppMessagingSwift-Beta */ = {
			isa = XCSwiftPackageProductDependency;
			package = 006670BC2B8DDBF3009E78BE /* XCRemoteSwiftPackageReference "firebase-ios-sdk" */;
			productName = "FirebaseInAppMessagingSwift-Beta";
		};
		006670E32B8DDBF3009E78BE /* FirebaseInstallations */ = {
			isa = XCSwiftPackageProductDependency;
			package = 006670BC2B8DDBF3009E78BE /* XCRemoteSwiftPackageReference "firebase-ios-sdk" */;
			productName = FirebaseInstallations;
		};
		006670E52B8DDBF3009E78BE /* FirebaseMLModelDownloader */ = {
			isa = XCSwiftPackageProductDependency;
			package = 006670BC2B8DDBF3009E78BE /* XCRemoteSwiftPackageReference "firebase-ios-sdk" */;
			productName = FirebaseMLModelDownloader;
		};
		006670E72B8DDBF3009E78BE /* FirebaseMessaging */ = {
			isa = XCSwiftPackageProductDependency;
			package = 006670BC2B8DDBF3009E78BE /* XCRemoteSwiftPackageReference "firebase-ios-sdk" */;
			productName = FirebaseMessaging;
		};
		006670E92B8DDBF3009E78BE /* FirebasePerformance */ = {
			isa = XCSwiftPackageProductDependency;
			package = 006670BC2B8DDBF3009E78BE /* XCRemoteSwiftPackageReference "firebase-ios-sdk" */;
			productName = FirebasePerformance;
		};
		006670EB2B8DDBF3009E78BE /* FirebaseRemoteConfig */ = {
			isa = XCSwiftPackageProductDependency;
			package = 006670BC2B8DDBF3009E78BE /* XCRemoteSwiftPackageReference "firebase-ios-sdk" */;
			productName = FirebaseRemoteConfig;
		};
		006670ED2B8DDBF3009E78BE /* FirebaseRemoteConfigSwift */ = {
			isa = XCSwiftPackageProductDependency;
			package = 006670BC2B8DDBF3009E78BE /* XCRemoteSwiftPackageReference "firebase-ios-sdk" */;
			productName = FirebaseRemoteConfigSwift;
		};
		006670EF2B8DDBF3009E78BE /* FirebaseStorage */ = {
			isa = XCSwiftPackageProductDependency;
			package = 006670BC2B8DDBF3009E78BE /* XCRemoteSwiftPackageReference "firebase-ios-sdk" */;
			productName = FirebaseStorage;
		};
		006670F12B8DDBF3009E78BE /* FirebaseStorageCombine-Community */ = {
			isa = XCSwiftPackageProductDependency;
			package = 006670BC2B8DDBF3009E78BE /* XCRemoteSwiftPackageReference "firebase-ios-sdk" */;
			productName = "FirebaseStorageCombine-Community";
		};
		00A009B92B92F91A0063351D /* FirebaseAnalytics */ = {
			isa = XCSwiftPackageProductDependency;
			package = 006670BC2B8DDBF3009E78BE /* XCRemoteSwiftPackageReference "firebase-ios-sdk" */;
			productName = FirebaseAnalytics;
		};
		00A009BB2B92F91A0063351D /* FirebaseAnalyticsOnDeviceConversion */ = {
			isa = XCSwiftPackageProductDependency;
			package = 006670BC2B8DDBF3009E78BE /* XCRemoteSwiftPackageReference "firebase-ios-sdk" */;
			productName = FirebaseAnalyticsOnDeviceConversion;
		};
		00A009BD2B92F91A0063351D /* FirebaseAnalyticsSwift */ = {
			isa = XCSwiftPackageProductDependency;
			package = 006670BC2B8DDBF3009E78BE /* XCRemoteSwiftPackageReference "firebase-ios-sdk" */;
			productName = FirebaseAnalyticsSwift;
		};
		00A009BF2B92F91A0063351D /* FirebaseAnalyticsWithoutAdIdSupport */ = {
			isa = XCSwiftPackageProductDependency;
			package = 006670BC2B8DDBF3009E78BE /* XCRemoteSwiftPackageReference "firebase-ios-sdk" */;
			productName = FirebaseAnalyticsWithoutAdIdSupport;
		};
		00A009C12B92F91A0063351D /* FirebaseAppCheck */ = {
			isa = XCSwiftPackageProductDependency;
			package = 006670BC2B8DDBF3009E78BE /* XCRemoteSwiftPackageReference "firebase-ios-sdk" */;
			productName = FirebaseAppCheck;
		};
		00A009C32B92F91A0063351D /* FirebaseAppDistribution-Beta */ = {
			isa = XCSwiftPackageProductDependency;
			package = 006670BC2B8DDBF3009E78BE /* XCRemoteSwiftPackageReference "firebase-ios-sdk" */;
			productName = "FirebaseAppDistribution-Beta";
		};
		00A009C52B92F91A0063351D /* FirebaseAuth */ = {
			isa = XCSwiftPackageProductDependency;
			package = 006670BC2B8DDBF3009E78BE /* XCRemoteSwiftPackageReference "firebase-ios-sdk" */;
			productName = FirebaseAuth;
		};
		00A009C72B92F91A0063351D /* FirebaseAuthCombine-Community */ = {
			isa = XCSwiftPackageProductDependency;
			package = 006670BC2B8DDBF3009E78BE /* XCRemoteSwiftPackageReference "firebase-ios-sdk" */;
			productName = "FirebaseAuthCombine-Community";
		};
		00A009C92B92F91A0063351D /* FirebaseCrashlytics */ = {
			isa = XCSwiftPackageProductDependency;
			package = 006670BC2B8DDBF3009E78BE /* XCRemoteSwiftPackageReference "firebase-ios-sdk" */;
			productName = FirebaseCrashlytics;
		};
		00A009CB2B92F91A0063351D /* FirebaseDatabase */ = {
			isa = XCSwiftPackageProductDependency;
			package = 006670BC2B8DDBF3009E78BE /* XCRemoteSwiftPackageReference "firebase-ios-sdk" */;
			productName = FirebaseDatabase;
		};
		00A009CD2B92F91A0063351D /* FirebaseDatabaseSwift */ = {
			isa = XCSwiftPackageProductDependency;
			package = 006670BC2B8DDBF3009E78BE /* XCRemoteSwiftPackageReference "firebase-ios-sdk" */;
			productName = FirebaseDatabaseSwift;
		};
		00A009CF2B92F91A0063351D /* FirebaseDynamicLinks */ = {
			isa = XCSwiftPackageProductDependency;
			package = 006670BC2B8DDBF3009E78BE /* XCRemoteSwiftPackageReference "firebase-ios-sdk" */;
			productName = FirebaseDynamicLinks;
		};
		00A009D12B92F91A0063351D /* FirebaseFirestore */ = {
			isa = XCSwiftPackageProductDependency;
			package = 006670BC2B8DDBF3009E78BE /* XCRemoteSwiftPackageReference "firebase-ios-sdk" */;
			productName = FirebaseFirestore;
		};
		00A009D32B92F91A0063351D /* FirebaseFirestoreCombine-Community */ = {
			isa = XCSwiftPackageProductDependency;
			package = 006670BC2B8DDBF3009E78BE /* XCRemoteSwiftPackageReference "firebase-ios-sdk" */;
			productName = "FirebaseFirestoreCombine-Community";
		};
		00A009D52B92F91A0063351D /* FirebaseFirestoreSwift */ = {
			isa = XCSwiftPackageProductDependency;
			package = 006670BC2B8DDBF3009E78BE /* XCRemoteSwiftPackageReference "firebase-ios-sdk" */;
			productName = FirebaseFirestoreSwift;
		};
		00A009D72B92F91A0063351D /* FirebaseFunctions */ = {
			isa = XCSwiftPackageProductDependency;
			package = 006670BC2B8DDBF3009E78BE /* XCRemoteSwiftPackageReference "firebase-ios-sdk" */;
			productName = FirebaseFunctions;
		};
		00A009D92B92F91A0063351D /* FirebaseFunctionsCombine-Community */ = {
			isa = XCSwiftPackageProductDependency;
			package = 006670BC2B8DDBF3009E78BE /* XCRemoteSwiftPackageReference "firebase-ios-sdk" */;
			productName = "FirebaseFunctionsCombine-Community";
		};
		00A009DB2B92F91A0063351D /* FirebaseInAppMessaging-Beta */ = {
			isa = XCSwiftPackageProductDependency;
			package = 006670BC2B8DDBF3009E78BE /* XCRemoteSwiftPackageReference "firebase-ios-sdk" */;
			productName = "FirebaseInAppMessaging-Beta";
		};
		00A009DD2B92F91A0063351D /* FirebaseInAppMessagingSwift-Beta */ = {
			isa = XCSwiftPackageProductDependency;
			package = 006670BC2B8DDBF3009E78BE /* XCRemoteSwiftPackageReference "firebase-ios-sdk" */;
			productName = "FirebaseInAppMessagingSwift-Beta";
		};
		00A009DF2B92F91A0063351D /* FirebaseInstallations */ = {
			isa = XCSwiftPackageProductDependency;
			package = 006670BC2B8DDBF3009E78BE /* XCRemoteSwiftPackageReference "firebase-ios-sdk" */;
			productName = FirebaseInstallations;
		};
		00A009E12B92F91A0063351D /* FirebaseMLModelDownloader */ = {
			isa = XCSwiftPackageProductDependency;
			package = 006670BC2B8DDBF3009E78BE /* XCRemoteSwiftPackageReference "firebase-ios-sdk" */;
			productName = FirebaseMLModelDownloader;
		};
		00A009E32B92F91A0063351D /* FirebaseMessaging */ = {
			isa = XCSwiftPackageProductDependency;
			package = 006670BC2B8DDBF3009E78BE /* XCRemoteSwiftPackageReference "firebase-ios-sdk" */;
			productName = FirebaseMessaging;
		};
		00A009E52B92F91A0063351D /* FirebasePerformance */ = {
			isa = XCSwiftPackageProductDependency;
			package = 006670BC2B8DDBF3009E78BE /* XCRemoteSwiftPackageReference "firebase-ios-sdk" */;
			productName = FirebasePerformance;
		};
		00A009E72B92F91A0063351D /* FirebaseRemoteConfig */ = {
			isa = XCSwiftPackageProductDependency;
			package = 006670BC2B8DDBF3009E78BE /* XCRemoteSwiftPackageReference "firebase-ios-sdk" */;
			productName = FirebaseRemoteConfig;
		};
		00A009E92B92F91A0063351D /* FirebaseRemoteConfigSwift */ = {
			isa = XCSwiftPackageProductDependency;
			package = 006670BC2B8DDBF3009E78BE /* XCRemoteSwiftPackageReference "firebase-ios-sdk" */;
			productName = FirebaseRemoteConfigSwift;
		};
		00A009EB2B92F91A0063351D /* FirebaseStorage */ = {
			isa = XCSwiftPackageProductDependency;
			package = 006670BC2B8DDBF3009E78BE /* XCRemoteSwiftPackageReference "firebase-ios-sdk" */;
			productName = FirebaseStorage;
		};
		00A009ED2B92F91A0063351D /* FirebaseStorageCombine-Community */ = {
			isa = XCSwiftPackageProductDependency;
			package = 006670BC2B8DDBF3009E78BE /* XCRemoteSwiftPackageReference "firebase-ios-sdk" */;
			productName = "FirebaseStorageCombine-Community";
		};
		00B78D3F2B977C3B00EB82BC /* NukeUI */ = {
			isa = XCSwiftPackageProductDependency;
			package = 00B78D3E2B977C3B00EB82BC /* XCRemoteSwiftPackageReference "NukeUI" */;
			productName = NukeUI;
		};
/* End XCSwiftPackageProductDependency section */
	};
	rootObject = 00E2D5212B86E73A00BE9ABF /* Project object */;
}
